// !$*UTF8*$!
{
	archiveVersion = 1;
	classes = {
	};
	objectVersion = 46;
	objects = {

/* Begin PBXBuildFile section */
		8B095BB31B29A68F00818DE0 /* CloudKit.framework in Frameworks */ = {isa = PBXBuildFile; fileRef = 8B095BB21B29A68F00818DE0 /* CloudKit.framework */; };
		8BCF1F121B2B5F3600D05EEE /* MainViewController.swift in Sources */ = {isa = PBXBuildFile; fileRef = 8BCF1F0E1B2B5F3600D05EEE /* MainViewController.swift */; };
		8BCF1F131B2B5F3600D05EEE /* LoginViewController.swift in Sources */ = {isa = PBXBuildFile; fileRef = 8BCF1F0F1B2B5F3600D05EEE /* LoginViewController.swift */; };
		8BCF1F141B2B5F3600D05EEE /* LiftTemplateButton.swift in Sources */ = {isa = PBXBuildFile; fileRef = 8BCF1F101B2B5F3600D05EEE /* LiftTemplateButton.swift */; };
		8BCF1F151B2B5F3600D05EEE /* HomeViewController.swift in Sources */ = {isa = PBXBuildFile; fileRef = 8BCF1F111B2B5F3600D05EEE /* HomeViewController.swift */; };
		8BE0772E1B2D5AB10070D128 /* MappingModel.xcmappingmodel in Sources */ = {isa = PBXBuildFile; fileRef = 8BE0772D1B2D5AB10070D128 /* MappingModel.xcmappingmodel */; };
		8BE077301B2D5B090070D128 /* EntityMigrationPolicy.swift in Sources */ = {isa = PBXBuildFile; fileRef = 8BE0772F1B2D5B090070D128 /* EntityMigrationPolicy.swift */; };
		8BF3435D1B27FA08007CBF44 /* AppDelegate.swift in Sources */ = {isa = PBXBuildFile; fileRef = 8BF3435C1B27FA08007CBF44 /* AppDelegate.swift */; };
		8BF343621B27FA08007CBF44 /* TheOneRepMax.xcdatamodeld in Sources */ = {isa = PBXBuildFile; fileRef = 8BF343601B27FA08007CBF44 /* TheOneRepMax.xcdatamodeld */; };
		8BF343641B27FA08007CBF44 /* Images.xcassets in Resources */ = {isa = PBXBuildFile; fileRef = 8BF343631B27FA08007CBF44 /* Images.xcassets */; };
		8BF343671B27FA08007CBF44 /* Main.storyboard in Resources */ = {isa = PBXBuildFile; fileRef = 8BF343651B27FA08007CBF44 /* Main.storyboard */; };
		8BF343731B27FA08007CBF44 /* TheOneRepMaxTests.swift in Sources */ = {isa = PBXBuildFile; fileRef = 8BF343721B27FA08007CBF44 /* TheOneRepMaxTests.swift */; };
		8BF343861B28B4A4007CBF44 /* SlideSegue.swift in Sources */ = {isa = PBXBuildFile; fileRef = 8BF343851B28B4A4007CBF44 /* SlideSegue.swift */; };
		8BF343881B28C123007CBF44 /* BackgroundView.swift in Sources */ = {isa = PBXBuildFile; fileRef = 8BF343871B28C123007CBF44 /* BackgroundView.swift */; };
		8BFD644B1B2B897C007B45ED /* ORMKit.framework in Frameworks */ = {isa = PBXBuildFile; fileRef = 8BCF1F161B2B612700D05EEE /* ORMKit.framework */; };
/* End PBXBuildFile section */

/* Begin PBXContainerItemProxy section */
		8BF3436D1B27FA08007CBF44 /* PBXContainerItemProxy */ = {
			isa = PBXContainerItemProxy;
			containerPortal = 8BF3434F1B27FA08007CBF44 /* Project object */;
			proxyType = 1;
			remoteGlobalIDString = 8BF343561B27FA08007CBF44;
			remoteInfo = TheOneRepMax;
		};
/* End PBXContainerItemProxy section */

/* Begin PBXFileReference section */
		8B095BB11B29A68900818DE0 /* TheOneRepMax.entitlements */ = {isa = PBXFileReference; lastKnownFileType = text.xml; path = TheOneRepMax.entitlements; sourceTree = "<group>"; };
		8B095BB21B29A68F00818DE0 /* CloudKit.framework */ = {isa = PBXFileReference; lastKnownFileType = wrapper.framework; name = CloudKit.framework; path = System/Library/Frameworks/CloudKit.framework; sourceTree = SDKROOT; };
		8BCF1F0E1B2B5F3600D05EEE /* MainViewController.swift */ = {isa = PBXFileReference; fileEncoding = 4; lastKnownFileType = sourcecode.swift; path = MainViewController.swift; sourceTree = "<group>"; };
		8BCF1F0F1B2B5F3600D05EEE /* LoginViewController.swift */ = {isa = PBXFileReference; fileEncoding = 4; lastKnownFileType = sourcecode.swift; path = LoginViewController.swift; sourceTree = "<group>"; };
		8BCF1F101B2B5F3600D05EEE /* LiftTemplateButton.swift */ = {isa = PBXFileReference; fileEncoding = 4; lastKnownFileType = sourcecode.swift; path = LiftTemplateButton.swift; sourceTree = "<group>"; };
		8BCF1F111B2B5F3600D05EEE /* HomeViewController.swift */ = {isa = PBXFileReference; fileEncoding = 4; lastKnownFileType = sourcecode.swift; path = HomeViewController.swift; sourceTree = "<group>"; };
		8BCF1F161B2B612700D05EEE /* ORMKit.framework */ = {isa = PBXFileReference; lastKnownFileType = wrapper.framework; name = ORMKit.framework; path = "../../../Library/Developer/Xcode/DerivedData/TheOneRepMacx-apqhkpxyimykeogmqjcwpqterbbm/Build/Products/Debug/ORMKit.framework"; sourceTree = "<group>"; };
		8BE077211B2D3D230070D128 /* TheOneRepMax-Bridging-Header.h */ = {isa = PBXFileReference; lastKnownFileType = sourcecode.c.h; path = "TheOneRepMax-Bridging-Header.h"; sourceTree = "<group>"; };
		8BE077251B2D472C0070D128 /* TheOneRepMax_v2.xcdatamodel */ = {isa = PBXFileReference; lastKnownFileType = wrapper.xcdatamodel; path = TheOneRepMax_v2.xcdatamodel; sourceTree = "<group>"; };
		8BE077261B2D492F0070D128 /* TheOneRepMax_v 3.xcdatamodel */ = {isa = PBXFileReference; lastKnownFileType = wrapper.xcdatamodel; path = "TheOneRepMax_v 3.xcdatamodel"; sourceTree = "<group>"; };
		8BE077291B2D55120070D128 /* TheOneRepMax_v4.xcdatamodel */ = {isa = PBXFileReference; lastKnownFileType = wrapper.xcdatamodel; path = TheOneRepMax_v4.xcdatamodel; sourceTree = "<group>"; };
		8BE0772A1B2D57550070D128 /* TheOneRepMax_v5.xcdatamodel */ = {isa = PBXFileReference; lastKnownFileType = wrapper.xcdatamodel; path = TheOneRepMax_v5.xcdatamodel; sourceTree = "<group>"; };
		8BE0772D1B2D5AB10070D128 /* MappingModel.xcmappingmodel */ = {isa = PBXFileReference; lastKnownFileType = wrapper.xcmappingmodel; path = MappingModel.xcmappingmodel; sourceTree = "<group>"; };
		8BE0772F1B2D5B090070D128 /* EntityMigrationPolicy.swift */ = {isa = PBXFileReference; fileEncoding = 4; lastKnownFileType = sourcecode.swift; path = EntityMigrationPolicy.swift; sourceTree = "<group>"; };
		8BE077311B2D5E4E0070D128 /* TheOneRepMax_v6.xcdatamodel */ = {isa = PBXFileReference; lastKnownFileType = wrapper.xcdatamodel; path = TheOneRepMax_v6.xcdatamodel; sourceTree = "<group>"; };
		8BE077321B2D5ECC0070D128 /* TheOneRepMax_v7.xcdatamodel */ = {isa = PBXFileReference; lastKnownFileType = wrapper.xcdatamodel; path = TheOneRepMax_v7.xcdatamodel; sourceTree = "<group>"; };
		8BF343571B27FA08007CBF44 /* TheOneRepMax.app */ = {isa = PBXFileReference; explicitFileType = wrapper.application; includeInIndex = 0; path = TheOneRepMax.app; sourceTree = BUILT_PRODUCTS_DIR; };
		8BF3435B1B27FA08007CBF44 /* Info.plist */ = {isa = PBXFileReference; lastKnownFileType = text.plist.xml; path = Info.plist; sourceTree = "<group>"; };
		8BF3435C1B27FA08007CBF44 /* AppDelegate.swift */ = {isa = PBXFileReference; lastKnownFileType = sourcecode.swift; path = AppDelegate.swift; sourceTree = "<group>"; };
		8BF343611B27FA08007CBF44 /* TheOneRepMax.xcdatamodel */ = {isa = PBXFileReference; lastKnownFileType = wrapper.xcdatamodel; path = TheOneRepMax.xcdatamodel; sourceTree = "<group>"; };
		8BF343631B27FA08007CBF44 /* Images.xcassets */ = {isa = PBXFileReference; lastKnownFileType = folder.assetcatalog; path = Images.xcassets; sourceTree = "<group>"; };
		8BF343661B27FA08007CBF44 /* Base */ = {isa = PBXFileReference; lastKnownFileType = file.storyboard; name = Base; path = Base.lproj/Main.storyboard; sourceTree = "<group>"; };
		8BF3436C1B27FA08007CBF44 /* TheOneRepMaxTests.xctest */ = {isa = PBXFileReference; explicitFileType = wrapper.cfbundle; includeInIndex = 0; path = TheOneRepMaxTests.xctest; sourceTree = BUILT_PRODUCTS_DIR; };
		8BF343711B27FA08007CBF44 /* Info.plist */ = {isa = PBXFileReference; lastKnownFileType = text.plist.xml; path = Info.plist; sourceTree = "<group>"; };
		8BF343721B27FA08007CBF44 /* TheOneRepMaxTests.swift */ = {isa = PBXFileReference; lastKnownFileType = sourcecode.swift; path = TheOneRepMaxTests.swift; sourceTree = "<group>"; };
		8BF343851B28B4A4007CBF44 /* SlideSegue.swift */ = {isa = PBXFileReference; fileEncoding = 4; lastKnownFileType = sourcecode.swift; path = SlideSegue.swift; sourceTree = "<group>"; };
		8BF343871B28C123007CBF44 /* BackgroundView.swift */ = {isa = PBXFileReference; fileEncoding = 4; lastKnownFileType = sourcecode.swift; path = BackgroundView.swift; sourceTree = "<group>"; };
		8BF3438F1B295A6F007CBF44 /* CFNetwork.framework */ = {isa = PBXFileReference; lastKnownFileType = wrapper.framework; name = CFNetwork.framework; path = System/Library/Frameworks/CFNetwork.framework; sourceTree = SDKROOT; };
/* End PBXFileReference section */

/* Begin PBXFrameworksBuildPhase section */
		8BF343541B27FA08007CBF44 /* Frameworks */ = {
			isa = PBXFrameworksBuildPhase;
			buildActionMask = 2147483647;
			files = (
				8B095BB31B29A68F00818DE0 /* CloudKit.framework in Frameworks */,
				8BFD644B1B2B897C007B45ED /* ORMKit.framework in Frameworks */,
			);
			runOnlyForDeploymentPostprocessing = 0;
		};
		8BF343691B27FA08007CBF44 /* Frameworks */ = {
			isa = PBXFrameworksBuildPhase;
			buildActionMask = 2147483647;
			files = (
			);
			runOnlyForDeploymentPostprocessing = 0;
		};
/* End PBXFrameworksBuildPhase section */

/* Begin PBXGroup section */
		0A18E43CBDE524072F87162C /* Frameworks */ = {
			isa = PBXGroup;
			children = (
				8BCF1F161B2B612700D05EEE /* ORMKit.framework */,
				8B095BB21B29A68F00818DE0 /* CloudKit.framework */,
				8BF3438F1B295A6F007CBF44 /* CFNetwork.framework */,
			);
			name = Frameworks;
			sourceTree = "<group>";
		};
		8BF3434E1B27FA08007CBF44 = {
			isa = PBXGroup;
			children = (
				8BF343591B27FA08007CBF44 /* TheOneRepMax */,
				8BF3436F1B27FA08007CBF44 /* TheOneRepMaxTests */,
				8BF343581B27FA08007CBF44 /* Products */,
				0A18E43CBDE524072F87162C /* Frameworks */,
			);
			sourceTree = "<group>";
		};
		8BF343581B27FA08007CBF44 /* Products */ = {
			isa = PBXGroup;
			children = (
				8BF343571B27FA08007CBF44 /* TheOneRepMax.app */,
				8BF3436C1B27FA08007CBF44 /* TheOneRepMaxTests.xctest */,
			);
			name = Products;
			sourceTree = "<group>";
		};
		8BF343591B27FA08007CBF44 /* TheOneRepMax */ = {
			isa = PBXGroup;
			children = (
				8B095BB11B29A68900818DE0 /* TheOneRepMax.entitlements */,
				8BF3435C1B27FA08007CBF44 /* AppDelegate.swift */,
				8BCF1F0E1B2B5F3600D05EEE /* MainViewController.swift */,
				8BCF1F0F1B2B5F3600D05EEE /* LoginViewController.swift */,
				8BCF1F101B2B5F3600D05EEE /* LiftTemplateButton.swift */,
				8BCF1F111B2B5F3600D05EEE /* HomeViewController.swift */,
				8BF343631B27FA08007CBF44 /* Images.xcassets */,
				8BF343651B27FA08007CBF44 /* Main.storyboard */,
				8BF343851B28B4A4007CBF44 /* SlideSegue.swift */,
				8BF343871B28C123007CBF44 /* BackgroundView.swift */,
				8BF343601B27FA08007CBF44 /* TheOneRepMax.xcdatamodeld */,
				8BE0772D1B2D5AB10070D128 /* MappingModel.xcmappingmodel */,
				8BE0772F1B2D5B090070D128 /* EntityMigrationPolicy.swift */,
				8BF3435A1B27FA08007CBF44 /* Supporting Files */,
				8BE077211B2D3D230070D128 /* TheOneRepMax-Bridging-Header.h */,
			);
			path = TheOneRepMax;
			sourceTree = "<group>";
		};
		8BF3435A1B27FA08007CBF44 /* Supporting Files */ = {
			isa = PBXGroup;
			children = (
				8BF3435B1B27FA08007CBF44 /* Info.plist */,
			);
			name = "Supporting Files";
			sourceTree = "<group>";
		};
		8BF3436F1B27FA08007CBF44 /* TheOneRepMaxTests */ = {
			isa = PBXGroup;
			children = (
				8BF343721B27FA08007CBF44 /* TheOneRepMaxTests.swift */,
				8BF343701B27FA08007CBF44 /* Supporting Files */,
			);
			path = TheOneRepMaxTests;
			sourceTree = "<group>";
		};
		8BF343701B27FA08007CBF44 /* Supporting Files */ = {
			isa = PBXGroup;
			children = (
				8BF343711B27FA08007CBF44 /* Info.plist */,
			);
			name = "Supporting Files";
			sourceTree = "<group>";
		};
/* End PBXGroup section */

/* Begin PBXNativeTarget section */
		8BF343561B27FA08007CBF44 /* TheOneRepMax */ = {
			isa = PBXNativeTarget;
			buildConfigurationList = 8BF343761B27FA08007CBF44 /* Build configuration list for PBXNativeTarget "TheOneRepMax" */;
			buildPhases = (
				8BF343531B27FA08007CBF44 /* Sources */,
				8BF343541B27FA08007CBF44 /* Frameworks */,
				8BF343551B27FA08007CBF44 /* Resources */,
			);
			buildRules = (
			);
			dependencies = (
			);
			name = TheOneRepMax;
			productName = TheOneRepMax;
			productReference = 8BF343571B27FA08007CBF44 /* TheOneRepMax.app */;
			productType = "com.apple.product-type.application";
		};
		8BF3436B1B27FA08007CBF44 /* TheOneRepMaxTests */ = {
			isa = PBXNativeTarget;
			buildConfigurationList = 8BF343791B27FA08007CBF44 /* Build configuration list for PBXNativeTarget "TheOneRepMaxTests" */;
			buildPhases = (
				8BF343681B27FA08007CBF44 /* Sources */,
				8BF343691B27FA08007CBF44 /* Frameworks */,
				8BF3436A1B27FA08007CBF44 /* Resources */,
			);
			buildRules = (
			);
			dependencies = (
				8BF3436E1B27FA08007CBF44 /* PBXTargetDependency */,
			);
			name = TheOneRepMaxTests;
			productName = TheOneRepMaxTests;
			productReference = 8BF3436C1B27FA08007CBF44 /* TheOneRepMaxTests.xctest */;
			productType = "com.apple.product-type.bundle.unit-test";
		};
/* End PBXNativeTarget section */

/* Begin PBXProject section */
		8BF3434F1B27FA08007CBF44 /* Project object */ = {
			isa = PBXProject;
			attributes = {
				LastUpgradeCheck = 0630;
				ORGANIZATIONNAME = JwitApps;
				TargetAttributes = {
					8BF343561B27FA08007CBF44 = {
						CreatedOnToolsVersion = 6.3.2;
						DevelopmentTeam = 7R899BEBGC;
						SystemCapabilities = {
							com.apple.Sandbox = {
								enabled = 1;
							};
							com.apple.iCloud = {
								enabled = 1;
							};
						};
					};
					8BF3436B1B27FA08007CBF44 = {
						CreatedOnToolsVersion = 6.3.2;
						TestTargetID = 8BF343561B27FA08007CBF44;
					};
				};
			};
			buildConfigurationList = 8BF343521B27FA08007CBF44 /* Build configuration list for PBXProject "TheOneRepMax" */;
			compatibilityVersion = "Xcode 3.2";
			developmentRegion = English;
			hasScannedForEncodings = 0;
			knownRegions = (
				en,
				Base,
			);
			mainGroup = 8BF3434E1B27FA08007CBF44;
			productRefGroup = 8BF343581B27FA08007CBF44 /* Products */;
			projectDirPath = "";
			projectRoot = "";
			targets = (
				8BF343561B27FA08007CBF44 /* TheOneRepMax */,
				8BF3436B1B27FA08007CBF44 /* TheOneRepMaxTests */,
			);
		};
/* End PBXProject section */

/* Begin PBXResourcesBuildPhase section */
		8BF343551B27FA08007CBF44 /* Resources */ = {
			isa = PBXResourcesBuildPhase;
			buildActionMask = 2147483647;
			files = (
				8BF343641B27FA08007CBF44 /* Images.xcassets in Resources */,
				8BF343671B27FA08007CBF44 /* Main.storyboard in Resources */,
			);
			runOnlyForDeploymentPostprocessing = 0;
		};
		8BF3436A1B27FA08007CBF44 /* Resources */ = {
			isa = PBXResourcesBuildPhase;
			buildActionMask = 2147483647;
			files = (
			);
			runOnlyForDeploymentPostprocessing = 0;
		};
/* End PBXResourcesBuildPhase section */

/* Begin PBXSourcesBuildPhase section */
		8BF343531B27FA08007CBF44 /* Sources */ = {
			isa = PBXSourcesBuildPhase;
			buildActionMask = 2147483647;
			files = (
				8BCF1F131B2B5F3600D05EEE /* LoginViewController.swift in Sources */,
				8BE0772E1B2D5AB10070D128 /* MappingModel.xcmappingmodel in Sources */,
				8BF343881B28C123007CBF44 /* BackgroundView.swift in Sources */,
				8BF343861B28B4A4007CBF44 /* SlideSegue.swift in Sources */,
				8BCF1F151B2B5F3600D05EEE /* HomeViewController.swift in Sources */,
				8BF343621B27FA08007CBF44 /* TheOneRepMax.xcdatamodeld in Sources */,
				8BF3435D1B27FA08007CBF44 /* AppDelegate.swift in Sources */,
				8BCF1F121B2B5F3600D05EEE /* MainViewController.swift in Sources */,
				8BCF1F141B2B5F3600D05EEE /* LiftTemplateButton.swift in Sources */,
				8BE077301B2D5B090070D128 /* EntityMigrationPolicy.swift in Sources */,
			);
			runOnlyForDeploymentPostprocessing = 0;
		};
		8BF343681B27FA08007CBF44 /* Sources */ = {
			isa = PBXSourcesBuildPhase;
			buildActionMask = 2147483647;
			files = (
				8BF343731B27FA08007CBF44 /* TheOneRepMaxTests.swift in Sources */,
			);
			runOnlyForDeploymentPostprocessing = 0;
		};
/* End PBXSourcesBuildPhase section */

/* Begin PBXTargetDependency section */
		8BF3436E1B27FA08007CBF44 /* PBXTargetDependency */ = {
			isa = PBXTargetDependency;
			target = 8BF343561B27FA08007CBF44 /* TheOneRepMax */;
			targetProxy = 8BF3436D1B27FA08007CBF44 /* PBXContainerItemProxy */;
		};
/* End PBXTargetDependency section */

/* Begin PBXVariantGroup section */
		8BF343651B27FA08007CBF44 /* Main.storyboard */ = {
			isa = PBXVariantGroup;
			children = (
				8BF343661B27FA08007CBF44 /* Base */,
			);
			name = Main.storyboard;
			sourceTree = "<group>";
		};
/* End PBXVariantGroup section */

/* Begin XCBuildConfiguration section */
		8BF343741B27FA08007CBF44 /* Debug */ = {
			isa = XCBuildConfiguration;
			buildSettings = {
				ALWAYS_SEARCH_USER_PATHS = NO;
				CLANG_CXX_LANGUAGE_STANDARD = "gnu++0x";
				CLANG_CXX_LIBRARY = "libc++";
				CLANG_ENABLE_MODULES = YES;
				CLANG_ENABLE_OBJC_ARC = YES;
				CLANG_WARN_BOOL_CONVERSION = YES;
				CLANG_WARN_CONSTANT_CONVERSION = YES;
				CLANG_WARN_DIRECT_OBJC_ISA_USAGE = YES_ERROR;
				CLANG_WARN_EMPTY_BODY = YES;
				CLANG_WARN_ENUM_CONVERSION = YES;
				CLANG_WARN_INT_CONVERSION = YES;
				CLANG_WARN_OBJC_ROOT_CLASS = YES_ERROR;
				CLANG_WARN_UNREACHABLE_CODE = YES;
				CLANG_WARN__DUPLICATE_METHOD_MATCH = YES;
				CODE_SIGN_IDENTITY = "-";
				COPY_PHASE_STRIP = NO;
				DEBUG_INFORMATION_FORMAT = dwarf;
				ENABLE_STRICT_OBJC_MSGSEND = YES;
				GCC_C_LANGUAGE_STANDARD = gnu99;
				GCC_DYNAMIC_NO_PIC = NO;
				GCC_NO_COMMON_BLOCKS = YES;
				GCC_OPTIMIZATION_LEVEL = 0;
				GCC_PREPROCESSOR_DEFINITIONS = (
					"DEBUG=1",
					"$(inherited)",
				);
				GCC_SYMBOLS_PRIVATE_EXTERN = NO;
				GCC_WARN_64_TO_32_BIT_CONVERSION = YES;
				GCC_WARN_ABOUT_RETURN_TYPE = YES_ERROR;
				GCC_WARN_UNDECLARED_SELECTOR = YES;
				GCC_WARN_UNINITIALIZED_AUTOS = YES_AGGRESSIVE;
				GCC_WARN_UNUSED_FUNCTION = YES;
				GCC_WARN_UNUSED_VARIABLE = YES;
				MACOSX_DEPLOYMENT_TARGET = 10.10;
				MTL_ENABLE_DEBUG_INFO = YES;
				ONLY_ACTIVE_ARCH = YES;
				SDKROOT = macosx;
				SWIFT_OPTIMIZATION_LEVEL = "-Onone";
			};
			name = Debug;
		};
		8BF343751B27FA08007CBF44 /* Release */ = {
			isa = XCBuildConfiguration;
			buildSettings = {
				ALWAYS_SEARCH_USER_PATHS = NO;
				CLANG_CXX_LANGUAGE_STANDARD = "gnu++0x";
				CLANG_CXX_LIBRARY = "libc++";
				CLANG_ENABLE_MODULES = YES;
				CLANG_ENABLE_OBJC_ARC = YES;
				CLANG_WARN_BOOL_CONVERSION = YES;
				CLANG_WARN_CONSTANT_CONVERSION = YES;
				CLANG_WARN_DIRECT_OBJC_ISA_USAGE = YES_ERROR;
				CLANG_WARN_EMPTY_BODY = YES;
				CLANG_WARN_ENUM_CONVERSION = YES;
				CLANG_WARN_INT_CONVERSION = YES;
				CLANG_WARN_OBJC_ROOT_CLASS = YES_ERROR;
				CLANG_WARN_UNREACHABLE_CODE = YES;
				CLANG_WARN__DUPLICATE_METHOD_MATCH = YES;
				CODE_SIGN_IDENTITY = "-";
				COPY_PHASE_STRIP = NO;
				DEBUG_INFORMATION_FORMAT = "dwarf-with-dsym";
				ENABLE_NS_ASSERTIONS = NO;
				ENABLE_STRICT_OBJC_MSGSEND = YES;
				GCC_C_LANGUAGE_STANDARD = gnu99;
				GCC_NO_COMMON_BLOCKS = YES;
				GCC_WARN_64_TO_32_BIT_CONVERSION = YES;
				GCC_WARN_ABOUT_RETURN_TYPE = YES_ERROR;
				GCC_WARN_UNDECLARED_SELECTOR = YES;
				GCC_WARN_UNINITIALIZED_AUTOS = YES_AGGRESSIVE;
				GCC_WARN_UNUSED_FUNCTION = YES;
				GCC_WARN_UNUSED_VARIABLE = YES;
				MACOSX_DEPLOYMENT_TARGET = 10.10;
				MTL_ENABLE_DEBUG_INFO = NO;
				SDKROOT = macosx;
			};
			name = Release;
		};
		8BF343771B27FA08007CBF44 /* Debug */ = {
			isa = XCBuildConfiguration;
			buildSettings = {
				ASSETCATALOG_COMPILER_APPICON_NAME = AppIcon;
				CLANG_ENABLE_MODULES = YES;
				CODE_SIGN_ENTITLEMENTS = TheOneRepMax/TheOneRepMax.entitlements;
				"CODE_SIGN_IDENTITY[sdk=macosx*]" = "Mac Developer";
				COMBINE_HIDPI_IMAGES = YES;
				FRAMEWORK_SEARCH_PATHS = (
					"$(inherited)",
					"$(USER_LIBRARY_DIR)/Developer/Xcode/DerivedData/ORMKit-cqocanjiwvmxgvdkfytdxzdhzjvm/Build/Products/Debug",
					"$(USER_LIBRARY_DIR)/Developer/Xcode/DerivedData/TheOneRepMacx-apqhkpxyimykeogmqjcwpqterbbm/Build/Products/Debug",
				);
				INFOPLIST_FILE = TheOneRepMax/Info.plist;
				LD_RUNPATH_SEARCH_PATHS = "$(inherited) @executable_path/../Frameworks";
				PRODUCT_NAME = "$(TARGET_NAME)";
				PROVISIONING_PROFILE = "";
				SWIFT_OBJC_BRIDGING_HEADER = "TheOneRepMax/TheOneRepMax-Bridging-Header.h";
				SWIFT_OPTIMIZATION_LEVEL = "-Onone";
			};
			name = Debug;
		};
		8BF343781B27FA08007CBF44 /* Release */ = {
			isa = XCBuildConfiguration;
			buildSettings = {
				ASSETCATALOG_COMPILER_APPICON_NAME = AppIcon;
				CLANG_ENABLE_MODULES = YES;
				CODE_SIGN_ENTITLEMENTS = TheOneRepMax/TheOneRepMax.entitlements;
				"CODE_SIGN_IDENTITY[sdk=macosx*]" = "Mac Developer";
				COMBINE_HIDPI_IMAGES = YES;
				FRAMEWORK_SEARCH_PATHS = (
					"$(inherited)",
					"$(USER_LIBRARY_DIR)/Developer/Xcode/DerivedData/ORMKit-cqocanjiwvmxgvdkfytdxzdhzjvm/Build/Products/Debug",
					"$(USER_LIBRARY_DIR)/Developer/Xcode/DerivedData/TheOneRepMacx-apqhkpxyimykeogmqjcwpqterbbm/Build/Products/Debug",
				);
				INFOPLIST_FILE = TheOneRepMax/Info.plist;
				LD_RUNPATH_SEARCH_PATHS = "$(inherited) @executable_path/../Frameworks";
				PRODUCT_NAME = "$(TARGET_NAME)";
				PROVISIONING_PROFILE = "";
				SWIFT_OBJC_BRIDGING_HEADER = "TheOneRepMax/TheOneRepMax-Bridging-Header.h";
			};
			name = Release;
		};
		8BF3437A1B27FA08007CBF44 /* Debug */ = {
			isa = XCBuildConfiguration;
			buildSettings = {
				BUNDLE_LOADER = "$(TEST_HOST)";
				COMBINE_HIDPI_IMAGES = YES;
				FRAMEWORK_SEARCH_PATHS = (
					"$(DEVELOPER_FRAMEWORKS_DIR)",
					"$(inherited)",
				);
				GCC_PREPROCESSOR_DEFINITIONS = (
					"DEBUG=1",
					"$(inherited)",
				);
				INFOPLIST_FILE = TheOneRepMaxTests/Info.plist;
				LD_RUNPATH_SEARCH_PATHS = "$(inherited) @executable_path/../Frameworks @loader_path/../Frameworks";
				PRODUCT_NAME = "$(TARGET_NAME)";
				TEST_HOST = "$(BUILT_PRODUCTS_DIR)/TheOneRepMax.app/Contents/MacOS/TheOneRepMax";
			};
			name = Debug;
		};
		8BF3437B1B27FA08007CBF44 /* Release */ = {
			isa = XCBuildConfiguration;
			buildSettings = {
				BUNDLE_LOADER = "$(TEST_HOST)";
				COMBINE_HIDPI_IMAGES = YES;
				FRAMEWORK_SEARCH_PATHS = (
					"$(DEVELOPER_FRAMEWORKS_DIR)",
					"$(inherited)",
				);
				INFOPLIST_FILE = TheOneRepMaxTests/Info.plist;
				LD_RUNPATH_SEARCH_PATHS = "$(inherited) @executable_path/../Frameworks @loader_path/../Frameworks";
				PRODUCT_NAME = "$(TARGET_NAME)";
				TEST_HOST = "$(BUILT_PRODUCTS_DIR)/TheOneRepMax.app/Contents/MacOS/TheOneRepMax";
			};
			name = Release;
		};
/* End XCBuildConfiguration section */

/* Begin XCConfigurationList section */
		8BF343521B27FA08007CBF44 /* Build configuration list for PBXProject "TheOneRepMax" */ = {
			isa = XCConfigurationList;
			buildConfigurations = (
				8BF343741B27FA08007CBF44 /* Debug */,
				8BF343751B27FA08007CBF44 /* Release */,
			);
			defaultConfigurationIsVisible = 0;
			defaultConfigurationName = Release;
		};
		8BF343761B27FA08007CBF44 /* Build configuration list for PBXNativeTarget "TheOneRepMax" */ = {
			isa = XCConfigurationList;
			buildConfigurations = (
				8BF343771B27FA08007CBF44 /* Debug */,
				8BF343781B27FA08007CBF44 /* Release */,
			);
			defaultConfigurationIsVisible = 0;
			defaultConfigurationName = Release;
		};
		8BF343791B27FA08007CBF44 /* Build configuration list for PBXNativeTarget "TheOneRepMaxTests" */ = {
			isa = XCConfigurationList;
			buildConfigurations = (
				8BF3437A1B27FA08007CBF44 /* Debug */,
				8BF3437B1B27FA08007CBF44 /* Release */,
			);
			defaultConfigurationIsVisible = 0;
			defaultConfigurationName = Release;
		};
/* End XCConfigurationList section */

/* Begin XCVersionGroup section */
		8BF343601B27FA08007CBF44 /* TheOneRepMax.xcdatamodeld */ = {
			isa = XCVersionGroup;
			children = (
				8BE077321B2D5ECC0070D128 /* TheOneRepMax_v7.xcdatamodel */,
				8BE077311B2D5E4E0070D128 /* TheOneRepMax_v6.xcdatamodel */,
				8BE0772A1B2D57550070D128 /* TheOneRepMax_v5.xcdatamodel */,
				8BE077291B2D55120070D128 /* TheOneRepMax_v4.xcdatamodel */,
				8BE077261B2D492F0070D128 /* TheOneRepMax_v 3.xcdatamodel */,
				8BE077251B2D472C0070D128 /* TheOneRepMax_v2.xcdatamodel */,
				8BF343611B27FA08007CBF44 /* TheOneRepMax.xcdatamodel */,
			);
			currentVersion = 8BE077321B2D5ECC0070D128 /* TheOneRepMax_v7.xcdatamodel */;
			path = TheOneRepMax.xcdatamodeld;
			sourceTree = "<group>";
			versionGroupType = wrapper.xcdatamodel;
		};
/* End XCVersionGroup section */
	};
	rootObject = 8BF3434F1B27FA08007CBF44 /* Project object */;
}
