// !$*UTF8*$!
{
	archiveVersion = 1;
	classes = {
	};
	objectVersion = 46;
	objects = {

/* Begin PBXBuildFile section */
		55928B5DF03A507442C6AFDC /* Pods_TheOneRepMax_iOSTests.framework in Frameworks */ = {isa = PBXBuildFile; fileRef = 9F9C830F2DD075B74A8BD645 /* Pods_TheOneRepMax_iOSTests.framework */; };
		7F0A259EFBE36D83F7BA1A31 /* Pods_TheOneRepMax_iOS.framework in Frameworks */ = {isa = PBXBuildFile; fileRef = F73A00FE83B4538DF3302A74 /* Pods_TheOneRepMax_iOS.framework */; };
		8B02E4721C75334900A949E6 /* NoLiftSelectedStatView.swift in Sources */ = {isa = PBXBuildFile; fileRef = 8B02E4711C75334900A949E6 /* NoLiftSelectedStatView.swift */; };
		8B0AF8101C55BECF0068F748 /* PullableToolbar.swift in Sources */ = {isa = PBXBuildFile; fileRef = 8B0AF80F1C55BECF0068F748 /* PullableToolbar.swift */; };
		8B12C1781C2521840053841E /* PercentagesViewController.swift in Sources */ = {isa = PBXBuildFile; fileRef = 8B12C1771C2521840053841E /* PercentagesViewController.swift */; };
		8B1B12B31CE167FF00CDBE22 /* ORStats.swift in Sources */ = {isa = PBXBuildFile; fileRef = 8B1B12AE1CE167FF00CDBE22 /* ORStats.swift */; };
		8B1B12B51CE167FF00CDBE22 /* ORSoloStats.swift in Sources */ = {isa = PBXBuildFile; fileRef = 8B1B12AF1CE167FF00CDBE22 /* ORSoloStats.swift */; };
		8B1B12B91CE167FF00CDBE22 /* Extensions.swift in Sources */ = {isa = PBXBuildFile; fileRef = 8B1B12B11CE167FF00CDBE22 /* Extensions.swift */; };
		8B1B12C51CE1681100CDBE22 /* LiftEntry.swift in Sources */ = {isa = PBXBuildFile; fileRef = 8B1B12BD1CE1681100CDBE22 /* LiftEntry.swift */; };
		8B1B12D41CE1683100CDBE22 /* ORDataTools.swift in Sources */ = {isa = PBXBuildFile; fileRef = 8B1B12CB1CE1683100CDBE22 /* ORDataTools.swift */; };
		8B1B12D61CE1683100CDBE22 /* ORDataOperationOptions.swift in Sources */ = {isa = PBXBuildFile; fileRef = 8B1B12CC1CE1683100CDBE22 /* ORDataOperationOptions.swift */; };
		8B1B12D81CE1683100CDBE22 /* ORDataResponse.swift in Sources */ = {isa = PBXBuildFile; fileRef = 8B1B12CD1CE1683100CDBE22 /* ORDataResponse.swift */; };
		8B1B12DA1CE1683100CDBE22 /* ORCloudDataResponse.swift in Sources */ = {isa = PBXBuildFile; fileRef = 8B1B12CE1CE1683100CDBE22 /* ORCloudDataResponse.swift */; };
		8B1B12DC1CE1683100CDBE22 /* ORLocalDataResponse.swift in Sources */ = {isa = PBXBuildFile; fileRef = 8B1B12CF1CE1683100CDBE22 /* ORLocalDataResponse.swift */; };
		8B1B12DE1CE1683100CDBE22 /* ORDataRequest.swift in Sources */ = {isa = PBXBuildFile; fileRef = 8B1B12D01CE1683100CDBE22 /* ORDataRequest.swift */; };
		8B1B12E01CE1683100CDBE22 /* ORLocalDataRequest.swift in Sources */ = {isa = PBXBuildFile; fileRef = 8B1B12D11CE1683100CDBE22 /* ORLocalDataRequest.swift */; };
		8B1B12E21CE1683100CDBE22 /* ORCloudDataRequest.swift in Sources */ = {isa = PBXBuildFile; fileRef = 8B1B12D21CE1683100CDBE22 /* ORCloudDataRequest.swift */; };
		8B1B12E61CE1684700CDBE22 /* ORSession.swift in Sources */ = {isa = PBXBuildFile; fileRef = 8B1B12E41CE1684700CDBE22 /* ORSession.swift */; };
		8B1B12FC1CE179BE00CDBE22 /* TheOneRepMax.xcdatamodeld in Sources */ = {isa = PBXBuildFile; fileRef = 8B1B12EC1CE179BE00CDBE22 /* TheOneRepMax.xcdatamodeld */; };
		8B294D911C6A3F390088D7A4 /* ProgressViewController.swift in Sources */ = {isa = PBXBuildFile; fileRef = 8B294D901C6A3F390088D7A4 /* ProgressViewController.swift */; };
		8B2C0FE61D64383A00E87AFE /* TheOneRepMax-iOSTests.xctest in Resources */ = {isa = PBXBuildFile; fileRef = 8B7123E61BA764DE0083980E /* TheOneRepMax-iOSTests.xctest */; };
		8B2C0FE71D64383C00E87AFE /* TheOneRepMax-iOSUITests.xctest in Resources */ = {isa = PBXBuildFile; fileRef = 8B7123F11BA764DE0083980E /* TheOneRepMax-iOSUITests.xctest */; };
		8B2D0DCC1D626889009BD60C /* PercentagesWheel.swift in Sources */ = {isa = PBXBuildFile; fileRef = 8B2D0DCB1D626889009BD60C /* PercentagesWheel.swift */; };
		8B2D0DDA1D626EBC009BD60C /* TORMStyleKit.swift in Sources */ = {isa = PBXBuildFile; fileRef = 8B2D0DD91D626EBC009BD60C /* TORMStyleKit.swift */; };
		8B36A0351D682BF50062FC62 /* GoogleService-Info-Staging.plist in Resources */ = {isa = PBXBuildFile; fileRef = 8B36A0341D682BF50062FC62 /* GoogleService-Info-Staging.plist */; };
		8B4607211BAF0D4600E953D7 /* MainViewController.swift in Sources */ = {isa = PBXBuildFile; fileRef = 8B4607201BAF0D4600E953D7 /* MainViewController.swift */; };
		8B495E901C854B3000221F62 /* ChartsViewController.swift in Sources */ = {isa = PBXBuildFile; fileRef = 8B495E8F1C854B3000221F62 /* ChartsViewController.swift */; };
		8B569BB01C2322810052BAEC /* LiftEntryTableViewCell.swift in Sources */ = {isa = PBXBuildFile; fileRef = 8B569BAF1C2322810052BAEC /* LiftEntryTableViewCell.swift */; };
		8B5815621C265C6900F3A151 /* ORMControlsViewController.swift in Sources */ = {isa = PBXBuildFile; fileRef = 8B5815611C265C6900F3A151 /* ORMControlsViewController.swift */; };
		8B6AA3F91BDA865100FC490B /* SaveMaxViewController.swift in Sources */ = {isa = PBXBuildFile; fileRef = 8B6AA3F81BDA865100FC490B /* SaveMaxViewController.swift */; };
		8B6EEF801BE1C9DA002AD28B /* HistoryViewController.swift in Sources */ = {isa = PBXBuildFile; fileRef = 8B6EEF7F1BE1C9DA002AD28B /* HistoryViewController.swift */; };
		8B6F4F071D62A8E80021C590 /* Info.plist in Resources */ = {isa = PBXBuildFile; fileRef = 8B6F4F061D62A8E80021C590 /* Info.plist */; };
		8B7123D11BA764DE0083980E /* AppDelegate.swift in Sources */ = {isa = PBXBuildFile; fileRef = 8B7123D01BA764DE0083980E /* AppDelegate.swift */; };
		8B7123DB1BA764DE0083980E /* Main.storyboard in Resources */ = {isa = PBXBuildFile; fileRef = 8B7123D91BA764DE0083980E /* Main.storyboard */; };
		8B7123DD1BA764DE0083980E /* Assets.xcassets in Resources */ = {isa = PBXBuildFile; fileRef = 8B7123DC1BA764DE0083980E /* Assets.xcassets */; };
		8B7123E01BA764DE0083980E /* LaunchScreen.storyboard in Resources */ = {isa = PBXBuildFile; fileRef = 8B7123DE1BA764DE0083980E /* LaunchScreen.storyboard */; };
		8B7123EB1BA764DE0083980E /* TheOneRepMax_iOSTests.swift in Sources */ = {isa = PBXBuildFile; fileRef = 8B7123EA1BA764DE0083980E /* TheOneRepMax_iOSTests.swift */; };
		8B7123F61BA764DE0083980E /* TheOneRepMax_iOSUITests.swift in Sources */ = {isa = PBXBuildFile; fileRef = 8B7123F51BA764DE0083980E /* TheOneRepMax_iOSUITests.swift */; };
		8B81E9E01C1B5F1A00291443 /* FilterPopoverViewController.swift in Sources */ = {isa = PBXBuildFile; fileRef = 8B81E9DE1C1B5F1A00291443 /* FilterPopoverViewController.swift */; };
		8B8D440D1C68F85500BADB4C /* TheOneRepMax-iOS-Bridging-Header.h in Sources */ = {isa = PBXBuildFile; fileRef = 8B8D440C1C68F85500BADB4C /* TheOneRepMax-iOS-Bridging-Header.h */; };
		8B989B8B1D653DBA00F706FD /* Realm.framework in Frameworks */ = {isa = PBXBuildFile; fileRef = 8B76B4B21CE8299C00C1F2C2 /* Realm.framework */; };
		8B989B8C1D653DBA00F706FD /* Realm.framework in Embed Frameworks */ = {isa = PBXBuildFile; fileRef = 8B76B4B21CE8299C00C1F2C2 /* Realm.framework */; settings = {ATTRIBUTES = (CodeSignOnCopy, RemoveHeadersOnCopy, ); }; };
		8B989B8D1D653DBA00F706FD /* RealmSwift.framework in Frameworks */ = {isa = PBXBuildFile; fileRef = 8B76B4B31CE8299C00C1F2C2 /* RealmSwift.framework */; };
		8B989B8E1D653DBA00F706FD /* RealmSwift.framework in Embed Frameworks */ = {isa = PBXBuildFile; fileRef = 8B76B4B31CE8299C00C1F2C2 /* RealmSwift.framework */; settings = {ATTRIBUTES = (CodeSignOnCopy, RemoveHeadersOnCopy, ); }; };
		8B989B901D653DC100F706FD /* SwiftTools.framework in Frameworks */ = {isa = PBXBuildFile; fileRef = 8BE68B0E1D5C150200B46FBF /* SwiftTools.framework */; };
		8B989B911D653DC100F706FD /* SwiftTools.framework in Embed Frameworks */ = {isa = PBXBuildFile; fileRef = 8BE68B0E1D5C150200B46FBF /* SwiftTools.framework */; settings = {ATTRIBUTES = (CodeSignOnCopy, RemoveHeadersOnCopy, ); }; };
		8B989B9B1D65402700F706FD /* AddressBook.framework in Frameworks */ = {isa = PBXBuildFile; fileRef = 8B76B4F51CE82BC000C1F2C2 /* AddressBook.framework */; };
		8B989B9C1D65402D00F706FD /* libc++.tbd in Frameworks */ = {isa = PBXBuildFile; fileRef = 8B76B4A31CE823DD00C1F2C2 /* libc++.tbd */; };
		8B989B9D1D65403600F706FD /* libsqlite3.tbd in Frameworks */ = {isa = PBXBuildFile; fileRef = 8B76B50D1CE82BE700C1F2C2 /* libsqlite3.tbd */; };
		8B9CD6B01C6F92EC00DED6BF /* LookbackProgressStatView.swift in Sources */ = {isa = PBXBuildFile; fileRef = 8B9CD6AF1C6F92EC00DED6BF /* LookbackProgressStatView.swift */; };
		8B9CD6C11C6FBF0700DED6BF /* StatPanelRow.swift in Sources */ = {isa = PBXBuildFile; fileRef = 8B9CD6C01C6FBF0700DED6BF /* StatPanelRow.swift */; };
		8B9CD6C31C6FC43C00DED6BF /* SinceLastEntryStatView.swift in Sources */ = {isa = PBXBuildFile; fileRef = 8B9CD6C21C6FC43C00DED6BF /* SinceLastEntryStatView.swift */; };
		8B9FD1D91BD7E3F7002FE7C0 /* HomeViewController.swift in Sources */ = {isa = PBXBuildFile; fileRef = 8B9FD1D81BD7E3F7002FE7C0 /* HomeViewController.swift */; };
		8BAB72CE1D5ADDBF00EFD128 /* Lift.swift in Sources */ = {isa = PBXBuildFile; fileRef = 8BAB72CD1D5ADDBF00EFD128 /* Lift.swift */; };
		8BD936A61C6A7D7700615A12 /* SimpleStatStackView.swift in Sources */ = {isa = PBXBuildFile; fileRef = 8BD936A51C6A7D7700615A12 /* SimpleStatStackView.swift */; };
		8BD936A81C6A7F0B00615A12 /* CurrentMaxStatView.swift in Sources */ = {isa = PBXBuildFile; fileRef = 8BD936A71C6A7F0B00615A12 /* CurrentMaxStatView.swift */; };
		8BD991C11C326BA600FE24B0 /* NotificationObjects.swift in Sources */ = {isa = PBXBuildFile; fileRef = 8BD991C01C326BA600FE24B0 /* NotificationObjects.swift */; };
		8BD9E4FA1D66BC4F00FF5726 /* GoogleService-Info-Dev.plist in Resources */ = {isa = PBXBuildFile; fileRef = 8BD9E4F91D66BC4F00FF5726 /* GoogleService-Info-Dev.plist */; };
		8BD9E4FC1D66BCB800FF5726 /* GoogleService-Info.plist in Resources */ = {isa = PBXBuildFile; fileRef = 8BD9E4FB1D66BCB800FF5726 /* GoogleService-Info.plist */; };
		8BDB81031C856357007B0598 /* IncreaseIndicatorStatView.swift in Sources */ = {isa = PBXBuildFile; fileRef = 8BDB81021C856357007B0598 /* IncreaseIndicatorStatView.swift */; };
		8BDC400E1C698A1F003F177D /* DataViewerViewController.swift in Sources */ = {isa = PBXBuildFile; fileRef = 8BDC400D1C698A1F003F177D /* DataViewerViewController.swift */; };
		8BDF96EA1C765C1000088B85 /* AverageIntervalRangeProgressStatView.swift in Sources */ = {isa = PBXBuildFile; fileRef = 8BDF96E91C765C1000088B85 /* AverageIntervalRangeProgressStatView.swift */; };
		8BDF96FB1C76D0DB00088B85 /* StatPanelRowSeparator.swift in Sources */ = {isa = PBXBuildFile; fileRef = 8BDF96FA1C76D0DB00088B85 /* StatPanelRowSeparator.swift */; };
		8BE55C531C29CF11005948D9 /* PercentageScrollerView.swift in Sources */ = {isa = PBXBuildFile; fileRef = 8BE55C521C29CF11005948D9 /* PercentageScrollerView.swift */; };
		8BE55C551C2A05AE005948D9 /* FocusResizingLabel.swift in Sources */ = {isa = PBXBuildFile; fileRef = 8BE55C541C2A05AE005948D9 /* FocusResizingLabel.swift */; };
		8BE55C591C2A5967005948D9 /* PercentageView.swift in Sources */ = {isa = PBXBuildFile; fileRef = 8BE55C581C2A5967005948D9 /* PercentageView.swift */; };
		8BE68B1B1D5C159600B46FBF /* LiftTableView.xib in Resources */ = {isa = PBXBuildFile; fileRef = 8BE68B1A1D5C159600B46FBF /* LiftTableView.xib */; };
		8BE68B1D1D5C167000B46FBF /* LiftTableView.swift in Sources */ = {isa = PBXBuildFile; fileRef = 8BE68B1C1D5C167000B46FBF /* LiftTableView.swift */; };
		8BE7C1081D68533A0062BA55 /* Fastfile in Resources */ = {isa = PBXBuildFile; fileRef = 8BE7C1071D68533A0062BA55 /* Fastfile */; };
		8BEF3EE01BB9954600F0F5B6 /* ORViewController.swift in Sources */ = {isa = PBXBuildFile; fileRef = 8BEF3EDF1BB9954600F0F5B6 /* ORViewController.swift */; };
		8BFED0591C658FAF0002FE17 /* RecentLiftEntry.swift in Sources */ = {isa = PBXBuildFile; fileRef = 8BFED0581C658FAF0002FE17 /* RecentLiftEntry.swift */; };
		BF6CD612B544914E075DBC10 /* Pods_TheOneRepMax_iOSUITests.framework in Frameworks */ = {isa = PBXBuildFile; fileRef = 15FDB8676112C6FC51445A68 /* Pods_TheOneRepMax_iOSUITests.framework */; };
/* End PBXBuildFile section */

/* Begin PBXContainerItemProxy section */
		8B7123E71BA764DE0083980E /* PBXContainerItemProxy */ = {
			isa = PBXContainerItemProxy;
			containerPortal = 8BF3434F1B27FA08007CBF44 /* Project object */;
			proxyType = 1;
			remoteGlobalIDString = 8B7123CD1BA764DE0083980E;
			remoteInfo = "TheOneRepMax-iOS";
		};
		8B7123F21BA764DE0083980E /* PBXContainerItemProxy */ = {
			isa = PBXContainerItemProxy;
			containerPortal = 8BF3434F1B27FA08007CBF44 /* Project object */;
			proxyType = 1;
			remoteGlobalIDString = 8B7123CD1BA764DE0083980E;
			remoteInfo = "TheOneRepMax-iOS";
		};
/* End PBXContainerItemProxy section */

/* Begin PBXCopyFilesBuildPhase section */
		8B989B8F1D653DBA00F706FD /* Embed Frameworks */ = {
			isa = PBXCopyFilesBuildPhase;
			buildActionMask = 2147483647;
			dstPath = "";
			dstSubfolderSpec = 10;
			files = (
				8B989B911D653DC100F706FD /* SwiftTools.framework in Embed Frameworks */,
				8B989B8E1D653DBA00F706FD /* RealmSwift.framework in Embed Frameworks */,
				8B989B8C1D653DBA00F706FD /* Realm.framework in Embed Frameworks */,
			);
			name = "Embed Frameworks";
			runOnlyForDeploymentPostprocessing = 0;
		};
/* End PBXCopyFilesBuildPhase section */

/* Begin PBXFileReference section */
		0B181049F4CA5D7250889A64 /* Pods-TheOneRepMax-iOSUITests.release.xcconfig */ = {isa = PBXFileReference; includeInIndex = 1; lastKnownFileType = text.xcconfig; name = "Pods-TheOneRepMax-iOSUITests.release.xcconfig"; path = "Pods/Target Support Files/Pods-TheOneRepMax-iOSUITests/Pods-TheOneRepMax-iOSUITests.release.xcconfig"; sourceTree = "<group>"; };
		15FDB8676112C6FC51445A68 /* Pods_TheOneRepMax_iOSUITests.framework */ = {isa = PBXFileReference; explicitFileType = wrapper.framework; includeInIndex = 0; path = Pods_TheOneRepMax_iOSUITests.framework; sourceTree = BUILT_PRODUCTS_DIR; };
		228E44FFFC762463C2D0350D /* Pods-TheOneRepMax-iOSTests.release.xcconfig */ = {isa = PBXFileReference; includeInIndex = 1; lastKnownFileType = text.xcconfig; name = "Pods-TheOneRepMax-iOSTests.release.xcconfig"; path = "Pods/Target Support Files/Pods-TheOneRepMax-iOSTests/Pods-TheOneRepMax-iOSTests.release.xcconfig"; sourceTree = "<group>"; };
		79AD13E4D0605C93F32FA545 /* Pods-TheOneRepMax-iOS.debug.xcconfig */ = {isa = PBXFileReference; includeInIndex = 1; lastKnownFileType = text.xcconfig; name = "Pods-TheOneRepMax-iOS.debug.xcconfig"; path = "Pods/Target Support Files/Pods-TheOneRepMax-iOS/Pods-TheOneRepMax-iOS.debug.xcconfig"; sourceTree = "<group>"; };
		80156CEF459FF2C220CAB90C /* Pods-TheOneRepMax-iOS.release.xcconfig */ = {isa = PBXFileReference; includeInIndex = 1; lastKnownFileType = text.xcconfig; name = "Pods-TheOneRepMax-iOS.release.xcconfig"; path = "Pods/Target Support Files/Pods-TheOneRepMax-iOS/Pods-TheOneRepMax-iOS.release.xcconfig"; sourceTree = "<group>"; };
		8B02E4711C75334900A949E6 /* NoLiftSelectedStatView.swift */ = {isa = PBXFileReference; fileEncoding = 4; lastKnownFileType = sourcecode.swift; path = NoLiftSelectedStatView.swift; sourceTree = "<group>"; };
		8B08B7AF1CE96C5D000DD508 /* AWSCore.framework */ = {isa = PBXFileReference; lastKnownFileType = wrapper.framework; name = AWSCore.framework; path = "TheOneRepMax-iOS/Sdk/Aws/AWSCore.framework"; sourceTree = "<group>"; };
		8B08B7B01CE96C5D000DD508 /* AWSDynamoDB.framework */ = {isa = PBXFileReference; lastKnownFileType = wrapper.framework; name = AWSDynamoDB.framework; path = "TheOneRepMax-iOS/Sdk/Aws/AWSDynamoDB.framework"; sourceTree = "<group>"; };
		8B08B7B11CE96C5D000DD508 /* AWSLambda.framework */ = {isa = PBXFileReference; lastKnownFileType = wrapper.framework; name = AWSLambda.framework; path = "TheOneRepMax-iOS/Sdk/Aws/AWSLambda.framework"; sourceTree = "<group>"; };
		8B08B7B21CE96C5D000DD508 /* AWSMobileAnalytics.framework */ = {isa = PBXFileReference; lastKnownFileType = wrapper.framework; name = AWSMobileAnalytics.framework; path = "TheOneRepMax-iOS/Sdk/Aws/AWSMobileAnalytics.framework"; sourceTree = "<group>"; };
		8B08B7B31CE96C5D000DD508 /* AWSS3.framework */ = {isa = PBXFileReference; lastKnownFileType = wrapper.framework; name = AWSS3.framework; path = "TheOneRepMax-iOS/Sdk/Aws/AWSS3.framework"; sourceTree = "<group>"; };
		8B08B7BF1CE96D08000DD508 /* AWSMobileHubHelper.framework */ = {isa = PBXFileReference; lastKnownFileType = wrapper.framework; name = AWSMobileHubHelper.framework; path = "TheOneRepMax-iOS/AmazonAws/AWSMobileHubHelper.framework"; sourceTree = "<group>"; };
		8B08B7D01CE96ECC000DD508 /* FBSDKCoreKit.framework */ = {isa = PBXFileReference; lastKnownFileType = wrapper.framework; name = FBSDKCoreKit.framework; path = "TheOneRepMax-iOS/Sdk/Facebook/FBSDKCoreKit.framework"; sourceTree = "<group>"; };
		8B08B7D11CE96ECC000DD508 /* FBSDKLoginKit.framework */ = {isa = PBXFileReference; lastKnownFileType = wrapper.framework; name = FBSDKLoginKit.framework; path = "TheOneRepMax-iOS/Sdk/Facebook/FBSDKLoginKit.framework"; sourceTree = "<group>"; };
		8B08B7D21CE96ECC000DD508 /* FBSDKShareKit.framework */ = {isa = PBXFileReference; lastKnownFileType = wrapper.framework; name = FBSDKShareKit.framework; path = "TheOneRepMax-iOS/Sdk/Facebook/FBSDKShareKit.framework"; sourceTree = "<group>"; };
		8B08B7E91CE971C6000DD508 /* AWSCognito.framework */ = {isa = PBXFileReference; lastKnownFileType = wrapper.framework; path = AWSCognito.framework; sourceTree = "<group>"; };
		8B0AF80F1C55BECF0068F748 /* PullableToolbar.swift */ = {isa = PBXFileReference; fileEncoding = 4; lastKnownFileType = sourcecode.swift; path = PullableToolbar.swift; sourceTree = "<group>"; };
		8B12C1771C2521840053841E /* PercentagesViewController.swift */ = {isa = PBXFileReference; fileEncoding = 4; lastKnownFileType = sourcecode.swift; path = PercentagesViewController.swift; sourceTree = "<group>"; };
		8B1B12AE1CE167FF00CDBE22 /* ORStats.swift */ = {isa = PBXFileReference; fileEncoding = 4; lastKnownFileType = sourcecode.swift; path = ORStats.swift; sourceTree = "<group>"; };
		8B1B12AF1CE167FF00CDBE22 /* ORSoloStats.swift */ = {isa = PBXFileReference; fileEncoding = 4; lastKnownFileType = sourcecode.swift; path = ORSoloStats.swift; sourceTree = "<group>"; };
		8B1B12B11CE167FF00CDBE22 /* Extensions.swift */ = {isa = PBXFileReference; fileEncoding = 4; lastKnownFileType = sourcecode.swift; path = Extensions.swift; sourceTree = "<group>"; };
		8B1B12BD1CE1681100CDBE22 /* LiftEntry.swift */ = {isa = PBXFileReference; fileEncoding = 4; lastKnownFileType = sourcecode.swift; path = LiftEntry.swift; sourceTree = "<group>"; };
		8B1B12CB1CE1683100CDBE22 /* ORDataTools.swift */ = {isa = PBXFileReference; fileEncoding = 4; lastKnownFileType = sourcecode.swift; path = ORDataTools.swift; sourceTree = "<group>"; };
		8B1B12CC1CE1683100CDBE22 /* ORDataOperationOptions.swift */ = {isa = PBXFileReference; fileEncoding = 4; lastKnownFileType = sourcecode.swift; path = ORDataOperationOptions.swift; sourceTree = "<group>"; };
		8B1B12CD1CE1683100CDBE22 /* ORDataResponse.swift */ = {isa = PBXFileReference; fileEncoding = 4; lastKnownFileType = sourcecode.swift; path = ORDataResponse.swift; sourceTree = "<group>"; };
		8B1B12CE1CE1683100CDBE22 /* ORCloudDataResponse.swift */ = {isa = PBXFileReference; fileEncoding = 4; lastKnownFileType = sourcecode.swift; path = ORCloudDataResponse.swift; sourceTree = "<group>"; };
		8B1B12CF1CE1683100CDBE22 /* ORLocalDataResponse.swift */ = {isa = PBXFileReference; fileEncoding = 4; lastKnownFileType = sourcecode.swift; path = ORLocalDataResponse.swift; sourceTree = "<group>"; };
		8B1B12D01CE1683100CDBE22 /* ORDataRequest.swift */ = {isa = PBXFileReference; fileEncoding = 4; lastKnownFileType = sourcecode.swift; path = ORDataRequest.swift; sourceTree = "<group>"; };
		8B1B12D11CE1683100CDBE22 /* ORLocalDataRequest.swift */ = {isa = PBXFileReference; fileEncoding = 4; lastKnownFileType = sourcecode.swift; path = ORLocalDataRequest.swift; sourceTree = "<group>"; };
		8B1B12D21CE1683100CDBE22 /* ORCloudDataRequest.swift */ = {isa = PBXFileReference; fileEncoding = 4; lastKnownFileType = sourcecode.swift; path = ORCloudDataRequest.swift; sourceTree = "<group>"; };
		8B1B12E41CE1684700CDBE22 /* ORSession.swift */ = {isa = PBXFileReference; fileEncoding = 4; lastKnownFileType = sourcecode.swift; path = ORSession.swift; sourceTree = "<group>"; };
		8B1B12ED1CE179BE00CDBE22 /* TheOneRepMax.xcdatamodel */ = {isa = PBXFileReference; lastKnownFileType = wrapper.xcdatamodel; path = TheOneRepMax.xcdatamodel; sourceTree = "<group>"; };
		8B1B12EE1CE179BE00CDBE22 /* TheOneRepMax_v10.xcdatamodel */ = {isa = PBXFileReference; lastKnownFileType = wrapper.xcdatamodel; path = TheOneRepMax_v10.xcdatamodel; sourceTree = "<group>"; };
		8B1B12EF1CE179BE00CDBE22 /* TheOneRepMax_v3.xcdatamodel */ = {isa = PBXFileReference; lastKnownFileType = wrapper.xcdatamodel; path = TheOneRepMax_v3.xcdatamodel; sourceTree = "<group>"; };
		8B1B12F01CE179BE00CDBE22 /* TheOneRepMax_v38.xcdatamodel */ = {isa = PBXFileReference; lastKnownFileType = wrapper.xcdatamodel; path = TheOneRepMax_v38.xcdatamodel; sourceTree = "<group>"; };
		8B1B12F11CE179BE00CDBE22 /* TheOneRepMax_v39.xcdatamodel */ = {isa = PBXFileReference; lastKnownFileType = wrapper.xcdatamodel; path = TheOneRepMax_v39.xcdatamodel; sourceTree = "<group>"; };
		8B1B12F21CE179BE00CDBE22 /* TheOneRepMax_v4.xcdatamodel */ = {isa = PBXFileReference; lastKnownFileType = wrapper.xcdatamodel; path = TheOneRepMax_v4.xcdatamodel; sourceTree = "<group>"; };
		8B1B12F31CE179BE00CDBE22 /* TheOneRepMax_v40.xcdatamodel */ = {isa = PBXFileReference; lastKnownFileType = wrapper.xcdatamodel; path = TheOneRepMax_v40.xcdatamodel; sourceTree = "<group>"; };
		8B1B12F41CE179BE00CDBE22 /* TheOneRepMax_v41.xcdatamodel */ = {isa = PBXFileReference; lastKnownFileType = wrapper.xcdatamodel; path = TheOneRepMax_v41.xcdatamodel; sourceTree = "<group>"; };
		8B1B12F51CE179BE00CDBE22 /* TheOneRepMax_v42.xcdatamodel */ = {isa = PBXFileReference; lastKnownFileType = wrapper.xcdatamodel; path = TheOneRepMax_v42.xcdatamodel; sourceTree = "<group>"; };
		8B1B12F61CE179BE00CDBE22 /* TheOneRepMax_v5.xcdatamodel */ = {isa = PBXFileReference; lastKnownFileType = wrapper.xcdatamodel; path = TheOneRepMax_v5.xcdatamodel; sourceTree = "<group>"; };
		8B1B12F71CE179BE00CDBE22 /* TheOneRepMax_v6.xcdatamodel */ = {isa = PBXFileReference; lastKnownFileType = wrapper.xcdatamodel; path = TheOneRepMax_v6.xcdatamodel; sourceTree = "<group>"; };
		8B1B12F81CE179BE00CDBE22 /* TheOneRepMax_v7.xcdatamodel */ = {isa = PBXFileReference; lastKnownFileType = wrapper.xcdatamodel; path = TheOneRepMax_v7.xcdatamodel; sourceTree = "<group>"; };
		8B1B12F91CE179BE00CDBE22 /* TheOneRepMax_v8.xcdatamodel */ = {isa = PBXFileReference; lastKnownFileType = wrapper.xcdatamodel; path = TheOneRepMax_v8.xcdatamodel; sourceTree = "<group>"; };
		8B1B12FA1CE179BE00CDBE22 /* TheOneRepMax_v9.xcdatamodel */ = {isa = PBXFileReference; lastKnownFileType = wrapper.xcdatamodel; path = TheOneRepMax_v9.xcdatamodel; sourceTree = "<group>"; };
		8B1B12FD1CE179DE00CDBE22 /* TheOneRepMax_v11.xcdatamodel */ = {isa = PBXFileReference; lastKnownFileType = wrapper.xcdatamodel; path = TheOneRepMax_v11.xcdatamodel; sourceTree = "<group>"; };
		8B294D901C6A3F390088D7A4 /* ProgressViewController.swift */ = {isa = PBXFileReference; fileEncoding = 4; lastKnownFileType = sourcecode.swift; path = ProgressViewController.swift; sourceTree = "<group>"; };
		8B2D0DCB1D626889009BD60C /* PercentagesWheel.swift */ = {isa = PBXFileReference; fileEncoding = 4; lastKnownFileType = sourcecode.swift; path = PercentagesWheel.swift; sourceTree = "<group>"; };
		8B2D0DD91D626EBC009BD60C /* TORMStyleKit.swift */ = {isa = PBXFileReference; fileEncoding = 4; lastKnownFileType = sourcecode.swift; path = TORMStyleKit.swift; sourceTree = "<group>"; };
		8B36A0341D682BF50062FC62 /* GoogleService-Info-Staging.plist */ = {isa = PBXFileReference; fileEncoding = 4; lastKnownFileType = text.plist.xml; path = "GoogleService-Info-Staging.plist"; sourceTree = "<group>"; };
		8B4607201BAF0D4600E953D7 /* MainViewController.swift */ = {isa = PBXFileReference; fileEncoding = 4; lastKnownFileType = sourcecode.swift; path = MainViewController.swift; sourceTree = "<group>"; };
		8B495E8F1C854B3000221F62 /* ChartsViewController.swift */ = {isa = PBXFileReference; fileEncoding = 4; lastKnownFileType = sourcecode.swift; path = ChartsViewController.swift; sourceTree = "<group>"; };
		8B569BAF1C2322810052BAEC /* LiftEntryTableViewCell.swift */ = {isa = PBXFileReference; fileEncoding = 4; lastKnownFileType = sourcecode.swift; path = LiftEntryTableViewCell.swift; sourceTree = "<group>"; };
		8B5815611C265C6900F3A151 /* ORMControlsViewController.swift */ = {isa = PBXFileReference; fileEncoding = 4; lastKnownFileType = sourcecode.swift; path = ORMControlsViewController.swift; sourceTree = "<group>"; };
		8B6A56521BA9EF8E00965E4B /* TheOneRepMax-iOS.entitlements */ = {isa = PBXFileReference; lastKnownFileType = text.xml; path = "TheOneRepMax-iOS.entitlements"; sourceTree = "<group>"; };
		8B6AA3F81BDA865100FC490B /* SaveMaxViewController.swift */ = {isa = PBXFileReference; fileEncoding = 4; lastKnownFileType = sourcecode.swift; path = SaveMaxViewController.swift; sourceTree = "<group>"; };
		8B6EEF7F1BE1C9DA002AD28B /* HistoryViewController.swift */ = {isa = PBXFileReference; fileEncoding = 4; lastKnownFileType = sourcecode.swift; path = HistoryViewController.swift; sourceTree = "<group>"; };
		8B6F4F061D62A8E80021C590 /* Info.plist */ = {isa = PBXFileReference; fileEncoding = 4; lastKnownFileType = text.plist.xml; path = Info.plist; sourceTree = "<group>"; };
		8B7123CE1BA764DE0083980E /* TheOneRepMax-iOS.app */ = {isa = PBXFileReference; explicitFileType = wrapper.application; includeInIndex = 0; path = "TheOneRepMax-iOS.app"; sourceTree = BUILT_PRODUCTS_DIR; };
		8B7123D01BA764DE0083980E /* AppDelegate.swift */ = {isa = PBXFileReference; lastKnownFileType = sourcecode.swift; path = AppDelegate.swift; sourceTree = "<group>"; };
		8B7123DA1BA764DE0083980E /* Base */ = {isa = PBXFileReference; lastKnownFileType = file.storyboard; name = Base; path = Base.lproj/Main.storyboard; sourceTree = "<group>"; };
		8B7123DC1BA764DE0083980E /* Assets.xcassets */ = {isa = PBXFileReference; lastKnownFileType = folder.assetcatalog; path = Assets.xcassets; sourceTree = "<group>"; };
		8B7123DF1BA764DE0083980E /* Base */ = {isa = PBXFileReference; lastKnownFileType = file.storyboard; name = Base; path = Base.lproj/LaunchScreen.storyboard; sourceTree = "<group>"; };
		8B7123E61BA764DE0083980E /* TheOneRepMax-iOSTests.xctest */ = {isa = PBXFileReference; explicitFileType = wrapper.cfbundle; includeInIndex = 0; path = "TheOneRepMax-iOSTests.xctest"; sourceTree = BUILT_PRODUCTS_DIR; };
		8B7123EA1BA764DE0083980E /* TheOneRepMax_iOSTests.swift */ = {isa = PBXFileReference; lastKnownFileType = sourcecode.swift; path = TheOneRepMax_iOSTests.swift; sourceTree = "<group>"; };
		8B7123EC1BA764DE0083980E /* Info.plist */ = {isa = PBXFileReference; lastKnownFileType = text.plist.xml; path = Info.plist; sourceTree = "<group>"; };
		8B7123F11BA764DE0083980E /* TheOneRepMax-iOSUITests.xctest */ = {isa = PBXFileReference; explicitFileType = wrapper.cfbundle; includeInIndex = 0; path = "TheOneRepMax-iOSUITests.xctest"; sourceTree = BUILT_PRODUCTS_DIR; };
		8B7123F51BA764DE0083980E /* TheOneRepMax_iOSUITests.swift */ = {isa = PBXFileReference; lastKnownFileType = sourcecode.swift; path = TheOneRepMax_iOSUITests.swift; sourceTree = "<group>"; };
		8B7123F71BA764DE0083980E /* Info.plist */ = {isa = PBXFileReference; lastKnownFileType = text.plist.xml; path = Info.plist; sourceTree = "<group>"; };
		8B76B4A31CE823DD00C1F2C2 /* libc++.tbd */ = {isa = PBXFileReference; lastKnownFileType = "sourcecode.text-based-dylib-definition"; name = "libc++.tbd"; path = "Platforms/iPhoneOS.platform/Developer/SDKs/iPhoneOS9.3.sdk/usr/lib/libc++.tbd"; sourceTree = DEVELOPER_DIR; };
		8B76B4B21CE8299C00C1F2C2 /* Realm.framework */ = {isa = PBXFileReference; lastKnownFileType = wrapper.framework; name = Realm.framework; path = Carthage/Build/iOS/Realm.framework; sourceTree = "<group>"; };
		8B76B4B31CE8299C00C1F2C2 /* RealmSwift.framework */ = {isa = PBXFileReference; lastKnownFileType = wrapper.framework; name = RealmSwift.framework; path = Carthage/Build/iOS/RealmSwift.framework; sourceTree = "<group>"; };
		8B76B4F51CE82BC000C1F2C2 /* AddressBook.framework */ = {isa = PBXFileReference; lastKnownFileType = wrapper.framework; name = AddressBook.framework; path = Platforms/iPhoneOS.platform/Developer/SDKs/iPhoneOS9.3.sdk/System/Library/Frameworks/AddressBook.framework; sourceTree = DEVELOPER_DIR; };
		8B76B4F61CE82BC000C1F2C2 /* AssetsLibrary.framework */ = {isa = PBXFileReference; lastKnownFileType = wrapper.framework; name = AssetsLibrary.framework; path = Platforms/iPhoneOS.platform/Developer/SDKs/iPhoneOS9.3.sdk/System/Library/Frameworks/AssetsLibrary.framework; sourceTree = DEVELOPER_DIR; };
		8B76B4F71CE82BC000C1F2C2 /* CFNetwork.framework */ = {isa = PBXFileReference; lastKnownFileType = wrapper.framework; name = CFNetwork.framework; path = Platforms/iPhoneOS.platform/Developer/SDKs/iPhoneOS9.3.sdk/System/Library/Frameworks/CFNetwork.framework; sourceTree = DEVELOPER_DIR; };
		8B76B4F81CE82BC000C1F2C2 /* CoreLocation.framework */ = {isa = PBXFileReference; lastKnownFileType = wrapper.framework; name = CoreLocation.framework; path = Platforms/iPhoneOS.platform/Developer/SDKs/iPhoneOS9.3.sdk/System/Library/Frameworks/CoreLocation.framework; sourceTree = DEVELOPER_DIR; };
		8B76B4F91CE82BC000C1F2C2 /* CoreMotion.framework */ = {isa = PBXFileReference; lastKnownFileType = wrapper.framework; name = CoreMotion.framework; path = Platforms/iPhoneOS.platform/Developer/SDKs/iPhoneOS9.3.sdk/System/Library/Frameworks/CoreMotion.framework; sourceTree = DEVELOPER_DIR; };
		8B76B4FA1CE82BC000C1F2C2 /* Foundation.framework */ = {isa = PBXFileReference; lastKnownFileType = wrapper.framework; name = Foundation.framework; path = Platforms/iPhoneOS.platform/Developer/SDKs/iPhoneOS9.3.sdk/System/Library/Frameworks/Foundation.framework; sourceTree = DEVELOPER_DIR; };
		8B76B4FB1CE82BC000C1F2C2 /* MediaPlayer.framework */ = {isa = PBXFileReference; lastKnownFileType = wrapper.framework; name = MediaPlayer.framework; path = Platforms/iPhoneOS.platform/Developer/SDKs/iPhoneOS9.3.sdk/System/Library/Frameworks/MediaPlayer.framework; sourceTree = DEVELOPER_DIR; };
		8B76B4FC1CE82BC000C1F2C2 /* SafariServices.framework */ = {isa = PBXFileReference; lastKnownFileType = wrapper.framework; name = SafariServices.framework; path = Platforms/iPhoneOS.platform/Developer/SDKs/iPhoneOS9.3.sdk/System/Library/Frameworks/SafariServices.framework; sourceTree = DEVELOPER_DIR; };
		8B76B4FD1CE82BC000C1F2C2 /* Security.framework */ = {isa = PBXFileReference; lastKnownFileType = wrapper.framework; name = Security.framework; path = Platforms/iPhoneOS.platform/Developer/SDKs/iPhoneOS9.3.sdk/System/Library/Frameworks/Security.framework; sourceTree = DEVELOPER_DIR; };
		8B76B4FE1CE82BC000C1F2C2 /* StoreKit.framework */ = {isa = PBXFileReference; lastKnownFileType = wrapper.framework; name = StoreKit.framework; path = Platforms/iPhoneOS.platform/Developer/SDKs/iPhoneOS9.3.sdk/System/Library/Frameworks/StoreKit.framework; sourceTree = DEVELOPER_DIR; };
		8B76B4FF1CE82BC000C1F2C2 /* SystemConfiguration.framework */ = {isa = PBXFileReference; lastKnownFileType = wrapper.framework; name = SystemConfiguration.framework; path = Platforms/iPhoneOS.platform/Developer/SDKs/iPhoneOS9.3.sdk/System/Library/Frameworks/SystemConfiguration.framework; sourceTree = DEVELOPER_DIR; };
		8B76B5001CE82BC000C1F2C2 /* UIKit.framework */ = {isa = PBXFileReference; lastKnownFileType = wrapper.framework; name = UIKit.framework; path = Platforms/iPhoneOS.platform/Developer/SDKs/iPhoneOS9.3.sdk/System/Library/Frameworks/UIKit.framework; sourceTree = DEVELOPER_DIR; };
		8B76B50D1CE82BE700C1F2C2 /* libsqlite3.tbd */ = {isa = PBXFileReference; lastKnownFileType = "sourcecode.text-based-dylib-definition"; name = libsqlite3.tbd; path = Platforms/iPhoneOS.platform/Developer/SDKs/iPhoneOS9.3.sdk/usr/lib/libsqlite3.tbd; sourceTree = DEVELOPER_DIR; };
		8B76B50F1CE82BEE00C1F2C2 /* libz.tbd */ = {isa = PBXFileReference; lastKnownFileType = "sourcecode.text-based-dylib-definition"; name = libz.tbd; path = Platforms/iPhoneOS.platform/Developer/SDKs/iPhoneOS9.3.sdk/usr/lib/libz.tbd; sourceTree = DEVELOPER_DIR; };
		8B76B5A51CE9608800C1F2C2 /* QuartzCore.framework */ = {isa = PBXFileReference; lastKnownFileType = wrapper.framework; name = QuartzCore.framework; path = Platforms/iPhoneOS.platform/Developer/SDKs/iPhoneOS9.3.sdk/System/Library/Frameworks/QuartzCore.framework; sourceTree = DEVELOPER_DIR; };
		8B81E9DE1C1B5F1A00291443 /* FilterPopoverViewController.swift */ = {isa = PBXFileReference; fileEncoding = 4; lastKnownFileType = sourcecode.swift; path = FilterPopoverViewController.swift; sourceTree = "<group>"; };
		8B836BCB1CE2C47900A06DFE /* TheOneRepMax_v1.2.xcdatamodel */ = {isa = PBXFileReference; lastKnownFileType = wrapper.xcdatamodel; path = TheOneRepMax_v1.2.xcdatamodel; sourceTree = "<group>"; };
		8B8D440C1C68F85500BADB4C /* TheOneRepMax-iOS-Bridging-Header.h */ = {isa = PBXFileReference; fileEncoding = 4; lastKnownFileType = sourcecode.c.h; path = "TheOneRepMax-iOS-Bridging-Header.h"; sourceTree = "<group>"; };
		8B989B9F1D65413800F706FD /* libicucore.tbd */ = {isa = PBXFileReference; lastKnownFileType = "sourcecode.text-based-dylib-definition"; name = libicucore.tbd; path = Platforms/iPhoneOS.platform/Developer/SDKs/iPhoneOS9.3.sdk/usr/lib/libicucore.tbd; sourceTree = DEVELOPER_DIR; };
		8B9CD6AF1C6F92EC00DED6BF /* LookbackProgressStatView.swift */ = {isa = PBXFileReference; fileEncoding = 4; lastKnownFileType = sourcecode.swift; path = LookbackProgressStatView.swift; sourceTree = "<group>"; };
		8B9CD6C01C6FBF0700DED6BF /* StatPanelRow.swift */ = {isa = PBXFileReference; fileEncoding = 4; lastKnownFileType = sourcecode.swift; path = StatPanelRow.swift; sourceTree = "<group>"; };
		8B9CD6C21C6FC43C00DED6BF /* SinceLastEntryStatView.swift */ = {isa = PBXFileReference; fileEncoding = 4; lastKnownFileType = sourcecode.swift; path = SinceLastEntryStatView.swift; sourceTree = "<group>"; };
		8B9FD1D81BD7E3F7002FE7C0 /* HomeViewController.swift */ = {isa = PBXFileReference; fileEncoding = 4; lastKnownFileType = sourcecode.swift; path = HomeViewController.swift; sourceTree = "<group>"; };
		8BAB72CD1D5ADDBF00EFD128 /* Lift.swift */ = {isa = PBXFileReference; fileEncoding = 4; lastKnownFileType = sourcecode.swift; path = Lift.swift; sourceTree = "<group>"; };
		8BD936A51C6A7D7700615A12 /* SimpleStatStackView.swift */ = {isa = PBXFileReference; fileEncoding = 4; lastKnownFileType = sourcecode.swift; path = SimpleStatStackView.swift; sourceTree = "<group>"; };
		8BD936A71C6A7F0B00615A12 /* CurrentMaxStatView.swift */ = {isa = PBXFileReference; fileEncoding = 4; lastKnownFileType = sourcecode.swift; path = CurrentMaxStatView.swift; sourceTree = "<group>"; };
		8BD991C01C326BA600FE24B0 /* NotificationObjects.swift */ = {isa = PBXFileReference; fileEncoding = 4; lastKnownFileType = sourcecode.swift; path = NotificationObjects.swift; sourceTree = "<group>"; };
		8BD9E4F91D66BC4F00FF5726 /* GoogleService-Info-Dev.plist */ = {isa = PBXFileReference; fileEncoding = 4; lastKnownFileType = text.plist.xml; path = "GoogleService-Info-Dev.plist"; sourceTree = "<group>"; };
		8BD9E4FB1D66BCB800FF5726 /* GoogleService-Info.plist */ = {isa = PBXFileReference; fileEncoding = 4; lastKnownFileType = text.plist.xml; path = "GoogleService-Info.plist"; sourceTree = "<group>"; };
		8BDB81021C856357007B0598 /* IncreaseIndicatorStatView.swift */ = {isa = PBXFileReference; fileEncoding = 4; lastKnownFileType = sourcecode.swift; path = IncreaseIndicatorStatView.swift; sourceTree = "<group>"; };
		8BDC400D1C698A1F003F177D /* DataViewerViewController.swift */ = {isa = PBXFileReference; fileEncoding = 4; lastKnownFileType = sourcecode.swift; path = DataViewerViewController.swift; sourceTree = "<group>"; };
		8BDF96E91C765C1000088B85 /* AverageIntervalRangeProgressStatView.swift */ = {isa = PBXFileReference; fileEncoding = 4; lastKnownFileType = sourcecode.swift; path = AverageIntervalRangeProgressStatView.swift; sourceTree = "<group>"; };
		8BDF96FA1C76D0DB00088B85 /* StatPanelRowSeparator.swift */ = {isa = PBXFileReference; fileEncoding = 4; lastKnownFileType = sourcecode.swift; path = StatPanelRowSeparator.swift; sourceTree = "<group>"; };
		8BE55C521C29CF11005948D9 /* PercentageScrollerView.swift */ = {isa = PBXFileReference; fileEncoding = 4; lastKnownFileType = sourcecode.swift; path = PercentageScrollerView.swift; sourceTree = "<group>"; };
		8BE55C541C2A05AE005948D9 /* FocusResizingLabel.swift */ = {isa = PBXFileReference; fileEncoding = 4; lastKnownFileType = sourcecode.swift; path = FocusResizingLabel.swift; sourceTree = "<group>"; };
		8BE55C581C2A5967005948D9 /* PercentageView.swift */ = {isa = PBXFileReference; fileEncoding = 4; lastKnownFileType = sourcecode.swift; path = PercentageView.swift; sourceTree = "<group>"; };
		8BE68B0E1D5C150200B46FBF /* SwiftTools.framework */ = {isa = PBXFileReference; lastKnownFileType = wrapper.framework; name = SwiftTools.framework; path = Carthage/Build/iOS/SwiftTools.framework; sourceTree = "<group>"; };
		8BE68B0F1D5C150200B46FBF /* RealmSwift.framework */ = {isa = PBXFileReference; lastKnownFileType = wrapper.framework; name = RealmSwift.framework; path = Carthage/Build/iOS/RealmSwift.framework; sourceTree = "<group>"; };
		8BE68B101D5C150200B46FBF /* Realm.framework */ = {isa = PBXFileReference; lastKnownFileType = wrapper.framework; name = Realm.framework; path = Carthage/Build/iOS/Realm.framework; sourceTree = "<group>"; };
		8BE68B1A1D5C159600B46FBF /* LiftTableView.xib */ = {isa = PBXFileReference; fileEncoding = 4; lastKnownFileType = file.xib; path = LiftTableView.xib; sourceTree = "<group>"; };
		8BE68B1C1D5C167000B46FBF /* LiftTableView.swift */ = {isa = PBXFileReference; fileEncoding = 4; lastKnownFileType = sourcecode.swift; path = LiftTableView.swift; sourceTree = "<group>"; };
		8BE7C1071D68533A0062BA55 /* Fastfile */ = {isa = PBXFileReference; fileEncoding = 4; lastKnownFileType = text; name = Fastfile; path = fastlane/Fastfile; sourceTree = "<group>"; };
		8BEF3EDF1BB9954600F0F5B6 /* ORViewController.swift */ = {isa = PBXFileReference; fileEncoding = 4; lastKnownFileType = sourcecode.swift; path = ORViewController.swift; sourceTree = "<group>"; };
		8BFED0581C658FAF0002FE17 /* RecentLiftEntry.swift */ = {isa = PBXFileReference; fileEncoding = 4; lastKnownFileType = sourcecode.swift; path = RecentLiftEntry.swift; sourceTree = "<group>"; };
		926781C9FC886F218BED5D91 /* Pods-TheOneRepMax-iOSUITests.debug.xcconfig */ = {isa = PBXFileReference; includeInIndex = 1; lastKnownFileType = text.xcconfig; name = "Pods-TheOneRepMax-iOSUITests.debug.xcconfig"; path = "Pods/Target Support Files/Pods-TheOneRepMax-iOSUITests/Pods-TheOneRepMax-iOSUITests.debug.xcconfig"; sourceTree = "<group>"; };
		9839BBD89F8A1A2937A7B1CA /* Pods-TheOneRepMax-iOSUITests.testflight.xcconfig */ = {isa = PBXFileReference; includeInIndex = 1; lastKnownFileType = text.xcconfig; name = "Pods-TheOneRepMax-iOSUITests.testflight.xcconfig"; path = "Pods/Target Support Files/Pods-TheOneRepMax-iOSUITests/Pods-TheOneRepMax-iOSUITests.testflight.xcconfig"; sourceTree = "<group>"; };
		9F9C830F2DD075B74A8BD645 /* Pods_TheOneRepMax_iOSTests.framework */ = {isa = PBXFileReference; explicitFileType = wrapper.framework; includeInIndex = 0; path = Pods_TheOneRepMax_iOSTests.framework; sourceTree = BUILT_PRODUCTS_DIR; };
		A54390EEB4306DED6FC4DFC5 /* Pods-TheOneRepMax-iOSTests.testflight.xcconfig */ = {isa = PBXFileReference; includeInIndex = 1; lastKnownFileType = text.xcconfig; name = "Pods-TheOneRepMax-iOSTests.testflight.xcconfig"; path = "Pods/Target Support Files/Pods-TheOneRepMax-iOSTests/Pods-TheOneRepMax-iOSTests.testflight.xcconfig"; sourceTree = "<group>"; };
		F1BF8E42029CD3DAF71E2DE4 /* Pods-TheOneRepMax-iOS.testflight.xcconfig */ = {isa = PBXFileReference; includeInIndex = 1; lastKnownFileType = text.xcconfig; name = "Pods-TheOneRepMax-iOS.testflight.xcconfig"; path = "Pods/Target Support Files/Pods-TheOneRepMax-iOS/Pods-TheOneRepMax-iOS.testflight.xcconfig"; sourceTree = "<group>"; };
		F73A00FE83B4538DF3302A74 /* Pods_TheOneRepMax_iOS.framework */ = {isa = PBXFileReference; explicitFileType = wrapper.framework; includeInIndex = 0; path = Pods_TheOneRepMax_iOS.framework; sourceTree = BUILT_PRODUCTS_DIR; };
		FDF630B6541CDD5902F3C406 /* Pods-TheOneRepMax-iOSTests.debug.xcconfig */ = {isa = PBXFileReference; includeInIndex = 1; lastKnownFileType = text.xcconfig; name = "Pods-TheOneRepMax-iOSTests.debug.xcconfig"; path = "Pods/Target Support Files/Pods-TheOneRepMax-iOSTests/Pods-TheOneRepMax-iOSTests.debug.xcconfig"; sourceTree = "<group>"; };
/* End PBXFileReference section */

/* Begin PBXFrameworksBuildPhase section */
		8B7123CB1BA764DE0083980E /* Frameworks */ = {
			isa = PBXFrameworksBuildPhase;
			buildActionMask = 2147483647;
			files = (
				8B989B9D1D65403600F706FD /* libsqlite3.tbd in Frameworks */,
				8B989B9C1D65402D00F706FD /* libc++.tbd in Frameworks */,
				8B989B9B1D65402700F706FD /* AddressBook.framework in Frameworks */,
				8B989B901D653DC100F706FD /* SwiftTools.framework in Frameworks */,
				8B989B8D1D653DBA00F706FD /* RealmSwift.framework in Frameworks */,
				8B989B8B1D653DBA00F706FD /* Realm.framework in Frameworks */,
				7F0A259EFBE36D83F7BA1A31 /* Pods_TheOneRepMax_iOS.framework in Frameworks */,
			);
			runOnlyForDeploymentPostprocessing = 0;
		};
		8B7123E31BA764DE0083980E /* Frameworks */ = {
			isa = PBXFrameworksBuildPhase;
			buildActionMask = 2147483647;
			files = (
				55928B5DF03A507442C6AFDC /* Pods_TheOneRepMax_iOSTests.framework in Frameworks */,
			);
			runOnlyForDeploymentPostprocessing = 0;
		};
		8B7123EE1BA764DE0083980E /* Frameworks */ = {
			isa = PBXFrameworksBuildPhase;
			buildActionMask = 2147483647;
			files = (
				BF6CD612B544914E075DBC10 /* Pods_TheOneRepMax_iOSUITests.framework in Frameworks */,
			);
			runOnlyForDeploymentPostprocessing = 0;
		};
/* End PBXFrameworksBuildPhase section */

/* Begin PBXGroup section */
		0A18E43CBDE524072F87162C /* Frameworks */ = {
			isa = PBXGroup;
			children = (
				8B989B9F1D65413800F706FD /* libicucore.tbd */,
				8BE68B0E1D5C150200B46FBF /* SwiftTools.framework */,
				8BE68B0F1D5C150200B46FBF /* RealmSwift.framework */,
				8BE68B101D5C150200B46FBF /* Realm.framework */,
				8B08B7E91CE971C6000DD508 /* AWSCognito.framework */,
				8B08B7D01CE96ECC000DD508 /* FBSDKCoreKit.framework */,
				8B08B7D11CE96ECC000DD508 /* FBSDKLoginKit.framework */,
				8B08B7D21CE96ECC000DD508 /* FBSDKShareKit.framework */,
				8B08B7BF1CE96D08000DD508 /* AWSMobileHubHelper.framework */,
				8B08B7AF1CE96C5D000DD508 /* AWSCore.framework */,
				8B08B7B01CE96C5D000DD508 /* AWSDynamoDB.framework */,
				8B08B7B11CE96C5D000DD508 /* AWSLambda.framework */,
				8B08B7B21CE96C5D000DD508 /* AWSMobileAnalytics.framework */,
				8B08B7B31CE96C5D000DD508 /* AWSS3.framework */,
				8B76B5A51CE9608800C1F2C2 /* QuartzCore.framework */,
				8B76B50F1CE82BEE00C1F2C2 /* libz.tbd */,
				8B76B50D1CE82BE700C1F2C2 /* libsqlite3.tbd */,
				8B76B4F51CE82BC000C1F2C2 /* AddressBook.framework */,
				8B76B4F61CE82BC000C1F2C2 /* AssetsLibrary.framework */,
				8B76B4F71CE82BC000C1F2C2 /* CFNetwork.framework */,
				8B76B4F81CE82BC000C1F2C2 /* CoreLocation.framework */,
				8B76B4F91CE82BC000C1F2C2 /* CoreMotion.framework */,
				8B76B4FA1CE82BC000C1F2C2 /* Foundation.framework */,
				8B76B4FB1CE82BC000C1F2C2 /* MediaPlayer.framework */,
				8B76B4FC1CE82BC000C1F2C2 /* SafariServices.framework */,
				8B76B4FD1CE82BC000C1F2C2 /* Security.framework */,
				8B76B4FE1CE82BC000C1F2C2 /* StoreKit.framework */,
				8B76B4FF1CE82BC000C1F2C2 /* SystemConfiguration.framework */,
				8B76B5001CE82BC000C1F2C2 /* UIKit.framework */,
				8B76B4A31CE823DD00C1F2C2 /* libc++.tbd */,
				8B76B4B21CE8299C00C1F2C2 /* Realm.framework */,
				8B76B4B31CE8299C00C1F2C2 /* RealmSwift.framework */,
				F73A00FE83B4538DF3302A74 /* Pods_TheOneRepMax_iOS.framework */,
				9F9C830F2DD075B74A8BD645 /* Pods_TheOneRepMax_iOSTests.framework */,
				15FDB8676112C6FC51445A68 /* Pods_TheOneRepMax_iOSUITests.framework */,
			);
			name = Frameworks;
			sourceTree = "<group>";
		};
		144473F0689680B28E25ED83 /* Pods */ = {
			isa = PBXGroup;
			children = (
				79AD13E4D0605C93F32FA545 /* Pods-TheOneRepMax-iOS.debug.xcconfig */,
				F1BF8E42029CD3DAF71E2DE4 /* Pods-TheOneRepMax-iOS.testflight.xcconfig */,
				80156CEF459FF2C220CAB90C /* Pods-TheOneRepMax-iOS.release.xcconfig */,
				FDF630B6541CDD5902F3C406 /* Pods-TheOneRepMax-iOSTests.debug.xcconfig */,
				A54390EEB4306DED6FC4DFC5 /* Pods-TheOneRepMax-iOSTests.testflight.xcconfig */,
				228E44FFFC762463C2D0350D /* Pods-TheOneRepMax-iOSTests.release.xcconfig */,
				926781C9FC886F218BED5D91 /* Pods-TheOneRepMax-iOSUITests.debug.xcconfig */,
				9839BBD89F8A1A2937A7B1CA /* Pods-TheOneRepMax-iOSUITests.testflight.xcconfig */,
				0B181049F4CA5D7250889A64 /* Pods-TheOneRepMax-iOSUITests.release.xcconfig */,
			);
			name = Pods;
			sourceTree = "<group>";
		};
		8B1B12A11CE167CD00CDBE22 /* ORMKit */ = {
			isa = PBXGroup;
			children = (
				8B1B12EC1CE179BE00CDBE22 /* TheOneRepMax.xcdatamodeld */,
				8B1B12E41CE1684700CDBE22 /* ORSession.swift */,
				8B1B12E31CE1683800CDBE22 /* Data Stack */,
				8B1B12CA1CE1681400CDBE22 /* Models */,
				8B1B12BA1CE1680400CDBE22 /* Stats */,
			);
			name = ORMKit;
			path = "TheOneRepMax-iOSUITests";
			sourceTree = "<group>";
		};
		8B1B12BA1CE1680400CDBE22 /* Stats */ = {
			isa = PBXGroup;
			children = (
				8B1B12AE1CE167FF00CDBE22 /* ORStats.swift */,
				8B1B12AF1CE167FF00CDBE22 /* ORSoloStats.swift */,
				8B1B12B11CE167FF00CDBE22 /* Extensions.swift */,
			);
			name = Stats;
			sourceTree = "<group>";
		};
		8B1B12CA1CE1681400CDBE22 /* Models */ = {
			isa = PBXGroup;
			children = (
				8B1B12BD1CE1681100CDBE22 /* LiftEntry.swift */,
				8BAB72CD1D5ADDBF00EFD128 /* Lift.swift */,
			);
			name = Models;
			sourceTree = "<group>";
		};
		8B1B12E31CE1683800CDBE22 /* Data Stack */ = {
			isa = PBXGroup;
			children = (
				8B1B12CB1CE1683100CDBE22 /* ORDataTools.swift */,
				8B1B12CC1CE1683100CDBE22 /* ORDataOperationOptions.swift */,
				8B1B12CD1CE1683100CDBE22 /* ORDataResponse.swift */,
				8B1B12CE1CE1683100CDBE22 /* ORCloudDataResponse.swift */,
				8B1B12CF1CE1683100CDBE22 /* ORLocalDataResponse.swift */,
				8B1B12D01CE1683100CDBE22 /* ORDataRequest.swift */,
				8B1B12D11CE1683100CDBE22 /* ORLocalDataRequest.swift */,
				8B1B12D21CE1683100CDBE22 /* ORCloudDataRequest.swift */,
			);
			name = "Data Stack";
			sourceTree = "<group>";
		};
		8B7123CF1BA764DE0083980E /* TheOneRepMax-iOS */ = {
			isa = PBXGroup;
			children = (
				8B2D0DD91D626EBC009BD60C /* TORMStyleKit.swift */,
				8B6A56521BA9EF8E00965E4B /* TheOneRepMax-iOS.entitlements */,
				8B7123D01BA764DE0083980E /* AppDelegate.swift */,
				8B4607201BAF0D4600E953D7 /* MainViewController.swift */,
				8BEF3EDF1BB9954600F0F5B6 /* ORViewController.swift */,
				8BE649C71C84062700CD6B54 /* Home View */,
				8BE649C41C8405B300CD6B54 /* Data Viewer */,
				8BD991C01C326BA600FE24B0 /* NotificationObjects.swift */,
				8B569BAF1C2322810052BAEC /* LiftEntryTableViewCell.swift */,
				8BE55C541C2A05AE005948D9 /* FocusResizingLabel.swift */,
				8B7123D91BA764DE0083980E /* Main.storyboard */,
				8B7123DC1BA764DE0083980E /* Assets.xcassets */,
				8B7123DE1BA764DE0083980E /* LaunchScreen.storyboard */,
				8B8D440C1C68F85500BADB4C /* TheOneRepMax-iOS-Bridging-Header.h */,
				8BD9E4FB1D66BCB800FF5726 /* GoogleService-Info.plist */,
				8BD9E4F91D66BC4F00FF5726 /* GoogleService-Info-Dev.plist */,
				8B36A0341D682BF50062FC62 /* GoogleService-Info-Staging.plist */,
				8B6F4F061D62A8E80021C590 /* Info.plist */,
			);
			path = "TheOneRepMax-iOS";
			sourceTree = "<group>";
		};
		8B7123E91BA764DE0083980E /* TheOneRepMax-iOSTests */ = {
			isa = PBXGroup;
			children = (
				8B7123EA1BA764DE0083980E /* TheOneRepMax_iOSTests.swift */,
				8B7123EC1BA764DE0083980E /* Info.plist */,
			);
			path = "TheOneRepMax-iOSTests";
			sourceTree = "<group>";
		};
		8B7123F41BA764DE0083980E /* TheOneRepMax-iOSUITests */ = {
			isa = PBXGroup;
			children = (
				8B7123F51BA764DE0083980E /* TheOneRepMax_iOSUITests.swift */,
				8B7123F71BA764DE0083980E /* Info.plist */,
			);
			path = "TheOneRepMax-iOSUITests";
			sourceTree = "<group>";
		};
		8BCBBB9A1C869D9E00B8F08C /* Charts */ = {
			isa = PBXGroup;
			children = (
			);
			name = Charts;
			sourceTree = "<group>";
		};
		8BD936951C6A7D2F00615A12 /* Stat Panels */ = {
			isa = PBXGroup;
			children = (
				8B9CD6C01C6FBF0700DED6BF /* StatPanelRow.swift */,
				8BDF96FA1C76D0DB00088B85 /* StatPanelRowSeparator.swift */,
				8BD936A51C6A7D7700615A12 /* SimpleStatStackView.swift */,
				8B02E4711C75334900A949E6 /* NoLiftSelectedStatView.swift */,
				8BD936A71C6A7F0B00615A12 /* CurrentMaxStatView.swift */,
				8B9CD6AF1C6F92EC00DED6BF /* LookbackProgressStatView.swift */,
				8B9CD6C21C6FC43C00DED6BF /* SinceLastEntryStatView.swift */,
				8BDF96E91C765C1000088B85 /* AverageIntervalRangeProgressStatView.swift */,
				8BDB81021C856357007B0598 /* IncreaseIndicatorStatView.swift */,
			);
			name = "Stat Panels";
			sourceTree = "<group>";
		};
		8BE649C41C8405B300CD6B54 /* Data Viewer */ = {
			isa = PBXGroup;
			children = (
				8BDC400D1C698A1F003F177D /* DataViewerViewController.swift */,
				8B81E9DE1C1B5F1A00291443 /* FilterPopoverViewController.swift */,
				8BE68B1C1D5C167000B46FBF /* LiftTableView.swift */,
				8BE68B1A1D5C159600B46FBF /* LiftTableView.xib */,
				8BE649C51C8405C100CD6B54 /* History */,
				8BE649C61C8405CA00CD6B54 /* Progress/Stats */,
			);
			name = "Data Viewer";
			sourceTree = "<group>";
		};
		8BE649C51C8405C100CD6B54 /* History */ = {
			isa = PBXGroup;
			children = (
				8B6EEF7F1BE1C9DA002AD28B /* HistoryViewController.swift */,
			);
			name = History;
			sourceTree = "<group>";
		};
		8BE649C61C8405CA00CD6B54 /* Progress/Stats */ = {
			isa = PBXGroup;
			children = (
				8B294D901C6A3F390088D7A4 /* ProgressViewController.swift */,
				8B495E8F1C854B3000221F62 /* ChartsViewController.swift */,
				8BD936951C6A7D2F00615A12 /* Stat Panels */,
				8BCBBB9A1C869D9E00B8F08C /* Charts */,
			);
			name = Progress/Stats;
			sourceTree = "<group>";
		};
		8BE649C71C84062700CD6B54 /* Home View */ = {
			isa = PBXGroup;
			children = (
				8B9FD1D81BD7E3F7002FE7C0 /* HomeViewController.swift */,
				8B0AF80F1C55BECF0068F748 /* PullableToolbar.swift */,
				8BFED0581C658FAF0002FE17 /* RecentLiftEntry.swift */,
				8BE649C81C84063800CD6B54 /* ORM Controls */,
				8BE649C91C84063E00CD6B54 /* Percentages */,
				8BE649CA1C8406B500CD6B54 /* Save Max */,
			);
			name = "Home View";
			sourceTree = "<group>";
		};
		8BE649C81C84063800CD6B54 /* ORM Controls */ = {
			isa = PBXGroup;
			children = (
				8B5815611C265C6900F3A151 /* ORMControlsViewController.swift */,
			);
			name = "ORM Controls";
			sourceTree = "<group>";
		};
		8BE649C91C84063E00CD6B54 /* Percentages */ = {
			isa = PBXGroup;
			children = (
				8B12C1771C2521840053841E /* PercentagesViewController.swift */,
				8BE55C521C29CF11005948D9 /* PercentageScrollerView.swift */,
				8BE55C581C2A5967005948D9 /* PercentageView.swift */,
				8B2D0DCB1D626889009BD60C /* PercentagesWheel.swift */,
			);
			name = Percentages;
			sourceTree = "<group>";
		};
		8BE649CA1C8406B500CD6B54 /* Save Max */ = {
			isa = PBXGroup;
			children = (
				8B6AA3F81BDA865100FC490B /* SaveMaxViewController.swift */,
			);
			name = "Save Max";
			sourceTree = "<group>";
		};
		8BF3434E1B27FA08007CBF44 = {
			isa = PBXGroup;
			children = (
				8BE7C1071D68533A0062BA55 /* Fastfile */,
				8B7123CF1BA764DE0083980E /* TheOneRepMax-iOS */,
				8B7123E91BA764DE0083980E /* TheOneRepMax-iOSTests */,
				8B7123F41BA764DE0083980E /* TheOneRepMax-iOSUITests */,
				8B1B12A11CE167CD00CDBE22 /* ORMKit */,
				8BF343581B27FA08007CBF44 /* Products */,
				0A18E43CBDE524072F87162C /* Frameworks */,
				144473F0689680B28E25ED83 /* Pods */,
			);
			sourceTree = "<group>";
		};
		8BF343581B27FA08007CBF44 /* Products */ = {
			isa = PBXGroup;
			children = (
				8B7123CE1BA764DE0083980E /* TheOneRepMax-iOS.app */,
				8B7123E61BA764DE0083980E /* TheOneRepMax-iOSTests.xctest */,
				8B7123F11BA764DE0083980E /* TheOneRepMax-iOSUITests.xctest */,
			);
			name = Products;
			sourceTree = "<group>";
		};
/* End PBXGroup section */

/* Begin PBXNativeTarget section */
		8B7123CD1BA764DE0083980E /* TheOneRepMax-iOS */ = {
			isa = PBXNativeTarget;
			buildConfigurationList = 8B7123FE1BA764DE0083980E /* Build configuration list for PBXNativeTarget "TheOneRepMax-iOS" */;
			buildPhases = (
				A378A6D2A257EFFA2E82B315 /* [CP] Check Pods Manifest.lock */,
				8B7123CA1BA764DE0083980E /* Sources */,
				8B7123CB1BA764DE0083980E /* Frameworks */,
				8B7123CC1BA764DE0083980E /* Resources */,
				8B0D92E71C8FACD5003DFE45 /* ShellScript */,
				8B76B5191CE82E4000C1F2C2 /* ShellScript */,
				8B989B8F1D653DBA00F706FD /* Embed Frameworks */,
				8BD9E4FD1D66D4A800FF5726 /* ShellScript */,
				BF591FB9C895CD96D39B399A /* [CP] Embed Pods Frameworks */,
				C5EBDA325FF4865EEE4C6AA1 /* [CP] Copy Pods Resources */,
			);
			buildRules = (
			);
			dependencies = (
			);
			name = "TheOneRepMax-iOS";
			productName = "TheOneRepMax-iOS";
			productReference = 8B7123CE1BA764DE0083980E /* TheOneRepMax-iOS.app */;
			productType = "com.apple.product-type.application";
		};
		8B7123E51BA764DE0083980E /* TheOneRepMax-iOSTests */ = {
			isa = PBXNativeTarget;
			buildConfigurationList = 8B7123FF1BA764DE0083980E /* Build configuration list for PBXNativeTarget "TheOneRepMax-iOSTests" */;
			buildPhases = (
				24328AD49A32C9804DD684BE /* [CP] Check Pods Manifest.lock */,
				8B7123E21BA764DE0083980E /* Sources */,
				8B7123E31BA764DE0083980E /* Frameworks */,
				8B7123E41BA764DE0083980E /* Resources */,
				BB656344FF8363F19B8017C4 /* [CP] Embed Pods Frameworks */,
				A345CC664BAE302E285CB87F /* [CP] Copy Pods Resources */,
			);
			buildRules = (
			);
			dependencies = (
				8B7123E81BA764DE0083980E /* PBXTargetDependency */,
			);
			name = "TheOneRepMax-iOSTests";
			productName = "TheOneRepMax-iOSTests";
			productReference = 8B7123E61BA764DE0083980E /* TheOneRepMax-iOSTests.xctest */;
			productType = "com.apple.product-type.bundle.unit-test";
		};
		8B7123F01BA764DE0083980E /* TheOneRepMax-iOSUITests */ = {
			isa = PBXNativeTarget;
			buildConfigurationList = 8B7124001BA764DE0083980E /* Build configuration list for PBXNativeTarget "TheOneRepMax-iOSUITests" */;
			buildPhases = (
				1F29DE2DD70DEB8D153C68A2 /* [CP] Check Pods Manifest.lock */,
				8B7123ED1BA764DE0083980E /* Sources */,
				8B7123EE1BA764DE0083980E /* Frameworks */,
				8B7123EF1BA764DE0083980E /* Resources */,
				03E462908FDB13A0921B1B32 /* [CP] Copy Pods Resources */,
			);
			buildRules = (
			);
			dependencies = (
				8B7123F31BA764DE0083980E /* PBXTargetDependency */,
			);
			name = "TheOneRepMax-iOSUITests";
			productName = "TheOneRepMax-iOSUITests";
			productReference = 8B7123F11BA764DE0083980E /* TheOneRepMax-iOSUITests.xctest */;
			productType = "com.apple.product-type.bundle.ui-testing";
		};
/* End PBXNativeTarget section */

/* Begin PBXProject section */
		8BF3434F1B27FA08007CBF44 /* Project object */ = {
			isa = PBXProject;
			attributes = {
				LastSwiftMigration = 0700;
				LastSwiftUpdateCheck = 0720;
				LastUpgradeCheck = 0700;
				ORGANIZATIONNAME = JwitApps;
				TargetAttributes = {
					8B7123CD1BA764DE0083980E = {
						CreatedOnToolsVersion = 7.0;
						DevelopmentTeam = 349WFX4WJR;
						SystemCapabilities = {
							com.apple.Push = {
								enabled = 1;
							};
							com.apple.iCloud = {
								enabled = 0;
							};
						};
					};
					8B7123E51BA764DE0083980E = {
						CreatedOnToolsVersion = 7.0;
						TestTargetID = 8B7123CD1BA764DE0083980E;
					};
					8B7123F01BA764DE0083980E = {
						CreatedOnToolsVersion = 7.0;
						TestTargetID = 8B7123CD1BA764DE0083980E;
					};
				};
			};
			buildConfigurationList = 8BF343521B27FA08007CBF44 /* Build configuration list for PBXProject "TheOneRepMax" */;
			compatibilityVersion = "Xcode 3.2";
			developmentRegion = English;
			hasScannedForEncodings = 0;
			knownRegions = (
				en,
				Base,
			);
			mainGroup = 8BF3434E1B27FA08007CBF44;
			productRefGroup = 8BF343581B27FA08007CBF44 /* Products */;
			projectDirPath = "";
			projectRoot = "";
			targets = (
				8B7123CD1BA764DE0083980E /* TheOneRepMax-iOS */,
				8B7123E51BA764DE0083980E /* TheOneRepMax-iOSTests */,
				8B7123F01BA764DE0083980E /* TheOneRepMax-iOSUITests */,
			);
		};
/* End PBXProject section */

/* Begin PBXResourcesBuildPhase section */
		8B7123CC1BA764DE0083980E /* Resources */ = {
			isa = PBXResourcesBuildPhase;
			buildActionMask = 2147483647;
			files = (
				8BE7C1081D68533A0062BA55 /* Fastfile in Resources */,
				8B6F4F071D62A8E80021C590 /* Info.plist in Resources */,
				8BD9E4FA1D66BC4F00FF5726 /* GoogleService-Info-Dev.plist in Resources */,
				8B7123E01BA764DE0083980E /* LaunchScreen.storyboard in Resources */,
				8B7123DD1BA764DE0083980E /* Assets.xcassets in Resources */,
				8B7123DB1BA764DE0083980E /* Main.storyboard in Resources */,
				8BE68B1B1D5C159600B46FBF /* LiftTableView.xib in Resources */,
				8B36A0351D682BF50062FC62 /* GoogleService-Info-Staging.plist in Resources */,
				8BD9E4FC1D66BCB800FF5726 /* GoogleService-Info.plist in Resources */,
			);
			runOnlyForDeploymentPostprocessing = 0;
		};
		8B7123E41BA764DE0083980E /* Resources */ = {
			isa = PBXResourcesBuildPhase;
			buildActionMask = 2147483647;
			files = (
				8B2C0FE61D64383A00E87AFE /* TheOneRepMax-iOSTests.xctest in Resources */,
			);
			runOnlyForDeploymentPostprocessing = 0;
		};
		8B7123EF1BA764DE0083980E /* Resources */ = {
			isa = PBXResourcesBuildPhase;
			buildActionMask = 2147483647;
			files = (
				8B2C0FE71D64383C00E87AFE /* TheOneRepMax-iOSUITests.xctest in Resources */,
			);
			runOnlyForDeploymentPostprocessing = 0;
		};
/* End PBXResourcesBuildPhase section */

/* Begin PBXShellScriptBuildPhase section */
		03E462908FDB13A0921B1B32 /* [CP] Copy Pods Resources */ = {
			isa = PBXShellScriptBuildPhase;
			buildActionMask = 2147483647;
			files = (
			);
			inputPaths = (
			);
			name = "[CP] Copy Pods Resources";
			outputPaths = (
			);
			runOnlyForDeploymentPostprocessing = 0;
			shellPath = /bin/sh;
			shellScript = "\"${SRCROOT}/Pods/Target Support Files/Pods-TheOneRepMax-iOSUITests/Pods-TheOneRepMax-iOSUITests-resources.sh\"\n";
			showEnvVarsInLog = 0;
		};
		1F29DE2DD70DEB8D153C68A2 /* [CP] Check Pods Manifest.lock */ = {
			isa = PBXShellScriptBuildPhase;
			buildActionMask = 2147483647;
			files = (
			);
			inputPaths = (
			);
			name = "[CP] Check Pods Manifest.lock";
			outputPaths = (
			);
			runOnlyForDeploymentPostprocessing = 0;
			shellPath = /bin/sh;
			shellScript = "diff \"${PODS_ROOT}/../Podfile.lock\" \"${PODS_ROOT}/Manifest.lock\" > /dev/null\nif [[ $? != 0 ]] ; then\n    cat << EOM\nerror: The sandbox is not in sync with the Podfile.lock. Run 'pod install' or update your CocoaPods installation.\nEOM\n    exit 1\nfi\n";
			showEnvVarsInLog = 0;
		};
		24328AD49A32C9804DD684BE /* [CP] Check Pods Manifest.lock */ = {
			isa = PBXShellScriptBuildPhase;
			buildActionMask = 2147483647;
			files = (
			);
			inputPaths = (
			);
			name = "[CP] Check Pods Manifest.lock";
			outputPaths = (
			);
			runOnlyForDeploymentPostprocessing = 0;
			shellPath = /bin/sh;
			shellScript = "diff \"${PODS_ROOT}/../Podfile.lock\" \"${PODS_ROOT}/Manifest.lock\" > /dev/null\nif [[ $? != 0 ]] ; then\n    cat << EOM\nerror: The sandbox is not in sync with the Podfile.lock. Run 'pod install' or update your CocoaPods installation.\nEOM\n    exit 1\nfi\n";
			showEnvVarsInLog = 0;
		};
		8B0D92E71C8FACD5003DFE45 /* ShellScript */ = {
			isa = PBXShellScriptBuildPhase;
			buildActionMask = 2147483647;
			files = (
			);
			inputPaths = (
				"$(SRCROOT)/Carthage/Build/iOS/SwiftTools.framework",
				"$(SRCROOT)/Carthage/Build/iOS/Realm.framework",
				"$(SRCROOT)/Carthage/Build/iOS/RealmSwift.framework",
			);
			outputPaths = (
			);
			runOnlyForDeploymentPostprocessing = 0;
			shellPath = /bin/sh;
			shellScript = "/usr/local/bin/carthage copy-frameworks";
		};
		8B76B5191CE82E4000C1F2C2 /* ShellScript */ = {
			isa = PBXShellScriptBuildPhase;
			buildActionMask = 2147483647;
			files = (
			);
			inputPaths = (
			);
			outputPaths = (
			);
			runOnlyForDeploymentPostprocessing = 0;
			shellPath = /bin/sh;
			shellScript = "bash \"${BUILT_PRODUCTS_DIR}/${FRAMEWORKS_FOLDER_PATH}/Realm.framework/strip-frameworks.sh\"";
		};
		8BD9E4FD1D66D4A800FF5726 /* ShellScript */ = {
			isa = PBXShellScriptBuildPhase;
			buildActionMask = 2147483647;
			files = (
			);
			inputPaths = (
			);
			outputPaths = (
			);
			runOnlyForDeploymentPostprocessing = 0;
			shellPath = /bin/sh;
			shellScript = "APP_PATH=\"${TARGET_BUILD_DIR}/${WRAPPER_NAME}\"\n\n# This script loops through the frameworks embedded in the application and\n# removes unused architectures.\nfind \"$APP_PATH\" -name '*.framework' -type d | while read -r FRAMEWORK\ndo\nFRAMEWORK_EXECUTABLE_NAME=$(defaults read \"$FRAMEWORK/Info.plist\" CFBundleExecutable)\nFRAMEWORK_EXECUTABLE_PATH=\"$FRAMEWORK/$FRAMEWORK_EXECUTABLE_NAME\"\necho \"Executable is $FRAMEWORK_EXECUTABLE_PATH\"\n\nEXTRACTED_ARCHS=()\n\nfor ARCH in $ARCHS\ndo\necho \"Extracting $ARCH from $FRAMEWORK_EXECUTABLE_NAME\"\nlipo -extract \"$ARCH\" \"$FRAMEWORK_EXECUTABLE_PATH\" -o \"$FRAMEWORK_EXECUTABLE_PATH-$ARCH\"\nEXTRACTED_ARCHS+=(\"$FRAMEWORK_EXECUTABLE_PATH-$ARCH\")\ndone\n\necho \"Merging extracted architectures: ${ARCHS}\"\nlipo -o \"$FRAMEWORK_EXECUTABLE_PATH-merged\" -create \"${EXTRACTED_ARCHS[@]}\"\nrm \"${EXTRACTED_ARCHS[@]}\"\n\necho \"Replacing original executable with thinned version\"\nrm \"$FRAMEWORK_EXECUTABLE_PATH\"\nmv \"$FRAMEWORK_EXECUTABLE_PATH-merged\" \"$FRAMEWORK_EXECUTABLE_PATH\"\n\ndone";
		};
		A345CC664BAE302E285CB87F /* [CP] Copy Pods Resources */ = {
			isa = PBXShellScriptBuildPhase;
			buildActionMask = 2147483647;
			files = (
			);
			inputPaths = (
			);
			name = "[CP] Copy Pods Resources";
			outputPaths = (
			);
			runOnlyForDeploymentPostprocessing = 0;
			shellPath = /bin/sh;
			shellScript = "\"${SRCROOT}/Pods/Target Support Files/Pods-TheOneRepMax-iOSTests/Pods-TheOneRepMax-iOSTests-resources.sh\"\n";
			showEnvVarsInLog = 0;
		};
		A378A6D2A257EFFA2E82B315 /* [CP] Check Pods Manifest.lock */ = {
			isa = PBXShellScriptBuildPhase;
			buildActionMask = 2147483647;
			files = (
			);
			inputPaths = (
			);
			name = "[CP] Check Pods Manifest.lock";
			outputPaths = (
			);
			runOnlyForDeploymentPostprocessing = 0;
			shellPath = /bin/sh;
			shellScript = "diff \"${PODS_ROOT}/../Podfile.lock\" \"${PODS_ROOT}/Manifest.lock\" > /dev/null\nif [[ $? != 0 ]] ; then\n    cat << EOM\nerror: The sandbox is not in sync with the Podfile.lock. Run 'pod install' or update your CocoaPods installation.\nEOM\n    exit 1\nfi\n";
			showEnvVarsInLog = 0;
		};
		BB656344FF8363F19B8017C4 /* [CP] Embed Pods Frameworks */ = {
			isa = PBXShellScriptBuildPhase;
			buildActionMask = 2147483647;
			files = (
			);
			inputPaths = (
			);
			name = "[CP] Embed Pods Frameworks";
			outputPaths = (
			);
			runOnlyForDeploymentPostprocessing = 0;
			shellPath = /bin/sh;
			shellScript = "\"${SRCROOT}/Pods/Target Support Files/Pods-TheOneRepMax-iOSTests/Pods-TheOneRepMax-iOSTests-frameworks.sh\"\n";
			showEnvVarsInLog = 0;
		};
		BF591FB9C895CD96D39B399A /* [CP] Embed Pods Frameworks */ = {
			isa = PBXShellScriptBuildPhase;
			buildActionMask = 2147483647;
			files = (
			);
			inputPaths = (
			);
			name = "[CP] Embed Pods Frameworks";
			outputPaths = (
			);
			runOnlyForDeploymentPostprocessing = 0;
			shellPath = /bin/sh;
			shellScript = "\"${SRCROOT}/Pods/Target Support Files/Pods-TheOneRepMax-iOS/Pods-TheOneRepMax-iOS-frameworks.sh\"\n";
			showEnvVarsInLog = 0;
		};
		C5EBDA325FF4865EEE4C6AA1 /* [CP] Copy Pods Resources */ = {
			isa = PBXShellScriptBuildPhase;
			buildActionMask = 2147483647;
			files = (
			);
			inputPaths = (
			);
			name = "[CP] Copy Pods Resources";
			outputPaths = (
			);
			runOnlyForDeploymentPostprocessing = 0;
			shellPath = /bin/sh;
			shellScript = "\"${SRCROOT}/Pods/Target Support Files/Pods-TheOneRepMax-iOS/Pods-TheOneRepMax-iOS-resources.sh\"\n";
			showEnvVarsInLog = 0;
		};
/* End PBXShellScriptBuildPhase section */

/* Begin PBXSourcesBuildPhase section */
		8B7123CA1BA764DE0083980E /* Sources */ = {
			isa = PBXSourcesBuildPhase;
			buildActionMask = 2147483647;
			files = (
				8B1B12D41CE1683100CDBE22 /* ORDataTools.swift in Sources */,
				8BE55C531C29CF11005948D9 /* PercentageScrollerView.swift in Sources */,
				8B1B12D81CE1683100CDBE22 /* ORDataResponse.swift in Sources */,
				8BE55C591C2A5967005948D9 /* PercentageView.swift in Sources */,
				8B1B12FC1CE179BE00CDBE22 /* TheOneRepMax.xcdatamodeld in Sources */,
				8BEF3EE01BB9954600F0F5B6 /* ORViewController.swift in Sources */,
				8BDF96FB1C76D0DB00088B85 /* StatPanelRowSeparator.swift in Sources */,
				8B0AF8101C55BECF0068F748 /* PullableToolbar.swift in Sources */,
				8B2D0DDA1D626EBC009BD60C /* TORMStyleKit.swift in Sources */,
				8B1B12E01CE1683100CDBE22 /* ORLocalDataRequest.swift in Sources */,
				8B1B12DE1CE1683100CDBE22 /* ORDataRequest.swift in Sources */,
				8B1B12B31CE167FF00CDBE22 /* ORStats.swift in Sources */,
				8B9CD6B01C6F92EC00DED6BF /* LookbackProgressStatView.swift in Sources */,
				8BE55C551C2A05AE005948D9 /* FocusResizingLabel.swift in Sources */,
				8BFED0591C658FAF0002FE17 /* RecentLiftEntry.swift in Sources */,
				8B6AA3F91BDA865100FC490B /* SaveMaxViewController.swift in Sources */,
				8B1B12D61CE1683100CDBE22 /* ORDataOperationOptions.swift in Sources */,
				8B1B12DC1CE1683100CDBE22 /* ORLocalDataResponse.swift in Sources */,
				8B12C1781C2521840053841E /* PercentagesViewController.swift in Sources */,
				8B7123D11BA764DE0083980E /* AppDelegate.swift in Sources */,
				8BD991C11C326BA600FE24B0 /* NotificationObjects.swift in Sources */,
				8BDB81031C856357007B0598 /* IncreaseIndicatorStatView.swift in Sources */,
				8BD936A61C6A7D7700615A12 /* SimpleStatStackView.swift in Sources */,
				8B2D0DCC1D626889009BD60C /* PercentagesWheel.swift in Sources */,
				8B495E901C854B3000221F62 /* ChartsViewController.swift in Sources */,
				8BAB72CE1D5ADDBF00EFD128 /* Lift.swift in Sources */,
				8BD936A81C6A7F0B00615A12 /* CurrentMaxStatView.swift in Sources */,
				8B1B12E21CE1683100CDBE22 /* ORCloudDataRequest.swift in Sources */,
				8B5815621C265C6900F3A151 /* ORMControlsViewController.swift in Sources */,
				8BDC400E1C698A1F003F177D /* DataViewerViewController.swift in Sources */,
				8B569BB01C2322810052BAEC /* LiftEntryTableViewCell.swift in Sources */,
				8B8D440D1C68F85500BADB4C /* TheOneRepMax-iOS-Bridging-Header.h in Sources */,
				8B9CD6C11C6FBF0700DED6BF /* StatPanelRow.swift in Sources */,
				8B81E9E01C1B5F1A00291443 /* FilterPopoverViewController.swift in Sources */,
				8B1B12C51CE1681100CDBE22 /* LiftEntry.swift in Sources */,
				8B294D911C6A3F390088D7A4 /* ProgressViewController.swift in Sources */,
				8B9CD6C31C6FC43C00DED6BF /* SinceLastEntryStatView.swift in Sources */,
				8B1B12B51CE167FF00CDBE22 /* ORSoloStats.swift in Sources */,
				8B6EEF801BE1C9DA002AD28B /* HistoryViewController.swift in Sources */,
				8BDF96EA1C765C1000088B85 /* AverageIntervalRangeProgressStatView.swift in Sources */,
				8B1B12DA1CE1683100CDBE22 /* ORCloudDataResponse.swift in Sources */,
				8BE68B1D1D5C167000B46FBF /* LiftTableView.swift in Sources */,
				8B02E4721C75334900A949E6 /* NoLiftSelectedStatView.swift in Sources */,
				8B1B12B91CE167FF00CDBE22 /* Extensions.swift in Sources */,
				8B9FD1D91BD7E3F7002FE7C0 /* HomeViewController.swift in Sources */,
				8B4607211BAF0D4600E953D7 /* MainViewController.swift in Sources */,
				8B1B12E61CE1684700CDBE22 /* ORSession.swift in Sources */,
			);
			runOnlyForDeploymentPostprocessing = 0;
		};
		8B7123E21BA764DE0083980E /* Sources */ = {
			isa = PBXSourcesBuildPhase;
			buildActionMask = 2147483647;
			files = (
				8B7123EB1BA764DE0083980E /* TheOneRepMax_iOSTests.swift in Sources */,
			);
			runOnlyForDeploymentPostprocessing = 0;
		};
		8B7123ED1BA764DE0083980E /* Sources */ = {
			isa = PBXSourcesBuildPhase;
			buildActionMask = 2147483647;
			files = (
				8B7123F61BA764DE0083980E /* TheOneRepMax_iOSUITests.swift in Sources */,
			);
			runOnlyForDeploymentPostprocessing = 0;
		};
/* End PBXSourcesBuildPhase section */

/* Begin PBXTargetDependency section */
		8B7123E81BA764DE0083980E /* PBXTargetDependency */ = {
			isa = PBXTargetDependency;
			target = 8B7123CD1BA764DE0083980E /* TheOneRepMax-iOS */;
			targetProxy = 8B7123E71BA764DE0083980E /* PBXContainerItemProxy */;
		};
		8B7123F31BA764DE0083980E /* PBXTargetDependency */ = {
			isa = PBXTargetDependency;
			target = 8B7123CD1BA764DE0083980E /* TheOneRepMax-iOS */;
			targetProxy = 8B7123F21BA764DE0083980E /* PBXContainerItemProxy */;
		};
/* End PBXTargetDependency section */

/* Begin PBXVariantGroup section */
		8B7123D91BA764DE0083980E /* Main.storyboard */ = {
			isa = PBXVariantGroup;
			children = (
				8B7123DA1BA764DE0083980E /* Base */,
			);
			name = Main.storyboard;
			sourceTree = "<group>";
		};
		8B7123DE1BA764DE0083980E /* LaunchScreen.storyboard */ = {
			isa = PBXVariantGroup;
			children = (
				8B7123DF1BA764DE0083980E /* Base */,
			);
			name = LaunchScreen.storyboard;
			sourceTree = "<group>";
		};
/* End PBXVariantGroup section */

/* Begin XCBuildConfiguration section */
		8B7123F81BA764DE0083980E /* Debug */ = {
			isa = XCBuildConfiguration;
			baseConfigurationReference = 79AD13E4D0605C93F32FA545 /* Pods-TheOneRepMax-iOS.debug.xcconfig */;
			buildSettings = {
				ASSETCATALOG_COMPILER_APPICON_NAME = AppIcon;
				ASSETCATALOG_COMPILER_LAUNCHIMAGE_NAME = LaunchImage;
				CLANG_ENABLE_MODULES = YES;
				CODE_SIGN_IDENTITY = "iPhone Developer";
				"CODE_SIGN_IDENTITY[sdk=iphoneos*]" = "iPhone Developer";
				DEFINES_MODULE = YES;
				ENABLE_BITCODE = YES;
				FRAMEWORK_SEARCH_PATHS = (
					"$(inherited)",
					"$(PROJECT_DIR)/Carthage/Build/iOS",
					"$(PROJECT_DIR)",
					"$(PROJECT_DIR)/TheOneRepMax-iOS",
					"$(PROJECT_DIR)/Firebase/AdMob",
					"$(PROJECT_DIR)/Firebase/Analytics",
					"$(PROJECT_DIR)/Firebase/AppIndexing",
					"$(PROJECT_DIR)/Firebase/Auth",
					"$(PROJECT_DIR)/Firebase/Crash",
					"$(PROJECT_DIR)/Firebase/Database",
					"$(PROJECT_DIR)/Firebase/DynamicLinks",
					"$(PROJECT_DIR)/Firebase/Invites",
					"$(PROJECT_DIR)/Firebase/Messaging",
					"$(PROJECT_DIR)/Firebase/RemoteConfig",
					"$(PROJECT_DIR)/Firebase/Storage",
					"$(PROJECT_DIR)/Firebase",
				);
				GCC_PREPROCESSOR_DEFINITIONS = "$(inherited)";
				GOOGLE_SERVICES_FILE = "GoogleService-Info-Dev";
				INFOPLIST_FILE = "TheOneRepMax-iOS/Info.plist";
				IPHONEOS_DEPLOYMENT_TARGET = 9.0;
				LD_RUNPATH_SEARCH_PATHS = "$(inherited) @executable_path/Frameworks";
				ONLY_ACTIVE_ARCH = YES;
				OTHER_LDFLAGS = "$(inherited)";
				PRODUCT_BUNDLE_IDENTIFIER = com.jwitapps.ORM;
				PRODUCT_NAME = "$(TARGET_NAME)";
				PROVISIONING_PROFILE = "";
				SDKROOT = iphoneos;
				SUPPORTED_PLATFORMS = "iphonesimulator iphoneos";
				SWIFT_OBJC_BRIDGING_HEADER = "TheOneRepMax-iOS/TheOneRepMax-iOS-Bridging-Header.h";
				SWIFT_OPTIMIZATION_LEVEL = "-Onone";
				TARGETED_DEVICE_FAMILY = "1,2";
				VALID_ARCHS = "arm64 armv7s armv7";
			};
			name = Debug;
		};
		8B7123F91BA764DE0083980E /* Release */ = {
			isa = XCBuildConfiguration;
			baseConfigurationReference = 80156CEF459FF2C220CAB90C /* Pods-TheOneRepMax-iOS.release.xcconfig */;
			buildSettings = {
				ASSETCATALOG_COMPILER_APPICON_NAME = AppIcon;
				ASSETCATALOG_COMPILER_LAUNCHIMAGE_NAME = LaunchImage;
				CLANG_ENABLE_MODULES = YES;
				CODE_SIGN_IDENTITY = "iPhone Developer";
				"CODE_SIGN_IDENTITY[sdk=iphoneos*]" = "iPhone Developer";
				DEFINES_MODULE = YES;
				ENABLE_BITCODE = YES;
				FRAMEWORK_SEARCH_PATHS = (
					"$(inherited)",
					"$(PROJECT_DIR)/Carthage/Build/iOS",
					"$(PROJECT_DIR)",
					"$(PROJECT_DIR)/TheOneRepMax-iOS",
					"$(PROJECT_DIR)/Firebase/AdMob",
					"$(PROJECT_DIR)/Firebase/Analytics",
					"$(PROJECT_DIR)/Firebase/AppIndexing",
					"$(PROJECT_DIR)/Firebase/Auth",
					"$(PROJECT_DIR)/Firebase/Crash",
					"$(PROJECT_DIR)/Firebase/Database",
					"$(PROJECT_DIR)/Firebase/DynamicLinks",
					"$(PROJECT_DIR)/Firebase/Invites",
					"$(PROJECT_DIR)/Firebase/Messaging",
					"$(PROJECT_DIR)/Firebase/RemoteConfig",
					"$(PROJECT_DIR)/Firebase/Storage",
					"$(PROJECT_DIR)/Firebase",
				);
				GCC_PREPROCESSOR_DEFINITIONS = "$(inherited)";
				GOOGLE_SERVICES_FILE = "GoogleService-Info";
				INFOPLIST_FILE = "TheOneRepMax-iOS/Info.plist";
				IPHONEOS_DEPLOYMENT_TARGET = 9.0;
				LD_RUNPATH_SEARCH_PATHS = "$(inherited) @executable_path/Frameworks";
				ONLY_ACTIVE_ARCH = NO;
				OTHER_LDFLAGS = "$(inherited)";
				PRODUCT_BUNDLE_IDENTIFIER = com.jwitapps.ORM;
				PRODUCT_NAME = "$(TARGET_NAME)";
				PROVISIONING_PROFILE = "";
				SDKROOT = iphoneos;
				SUPPORTED_PLATFORMS = "iphonesimulator iphoneos";
				SWIFT_OBJC_BRIDGING_HEADER = "TheOneRepMax-iOS/TheOneRepMax-iOS-Bridging-Header.h";
				TARGETED_DEVICE_FAMILY = "1,2";
				VALIDATE_PRODUCT = YES;
				VALID_ARCHS = "arm64 armv7s armv7";
			};
			name = Release;
		};
		8B7123FA1BA764DE0083980E /* Debug */ = {
			isa = XCBuildConfiguration;
			baseConfigurationReference = FDF630B6541CDD5902F3C406 /* Pods-TheOneRepMax-iOSTests.debug.xcconfig */;
			buildSettings = {
				BUNDLE_LOADER = "$(TEST_HOST)";
				INFOPLIST_FILE = "TheOneRepMax-iOSTests/Info.plist";
				IPHONEOS_DEPLOYMENT_TARGET = 9.0;
				LD_RUNPATH_SEARCH_PATHS = "$(inherited) @executable_path/Frameworks @loader_path/Frameworks";
				PRODUCT_BUNDLE_IDENTIFIER = "com.jwitapps.TheOneRepMax-iOSTests";
				PRODUCT_NAME = "$(TARGET_NAME)";
				SDKROOT = iphoneos;
				TEST_HOST = "$(BUILT_PRODUCTS_DIR)/TheOneRepMax-iOS.app/TheOneRepMax-iOS";
			};
			name = Debug;
		};
		8B7123FB1BA764DE0083980E /* Release */ = {
			isa = XCBuildConfiguration;
			baseConfigurationReference = 228E44FFFC762463C2D0350D /* Pods-TheOneRepMax-iOSTests.release.xcconfig */;
			buildSettings = {
				BUNDLE_LOADER = "$(TEST_HOST)";
				INFOPLIST_FILE = "TheOneRepMax-iOSTests/Info.plist";
				IPHONEOS_DEPLOYMENT_TARGET = 9.0;
				LD_RUNPATH_SEARCH_PATHS = "$(inherited) @executable_path/Frameworks @loader_path/Frameworks";
				PRODUCT_BUNDLE_IDENTIFIER = "com.jwitapps.TheOneRepMax-iOSTests";
				PRODUCT_NAME = "$(TARGET_NAME)";
				SDKROOT = iphoneos;
				TEST_HOST = "$(BUILT_PRODUCTS_DIR)/TheOneRepMax-iOS.app/TheOneRepMax-iOS";
				VALIDATE_PRODUCT = YES;
			};
			name = Release;
		};
		8B7123FC1BA764DE0083980E /* Debug */ = {
			isa = XCBuildConfiguration;
			baseConfigurationReference = 926781C9FC886F218BED5D91 /* Pods-TheOneRepMax-iOSUITests.debug.xcconfig */;
			buildSettings = {
				INFOPLIST_FILE = "TheOneRepMax-iOSUITests/Info.plist";
				IPHONEOS_DEPLOYMENT_TARGET = 9.0;
				LD_RUNPATH_SEARCH_PATHS = "$(inherited) @executable_path/Frameworks @loader_path/Frameworks";
				PRODUCT_BUNDLE_IDENTIFIER = "com.jwitapps.TheOneRepMax-iOSUITests";
				PRODUCT_NAME = "$(TARGET_NAME)";
				SDKROOT = iphoneos;
				TEST_TARGET_NAME = "TheOneRepMax-iOS";
				USES_XCTRUNNER = YES;
			};
			name = Debug;
		};
		8B7123FD1BA764DE0083980E /* Release */ = {
			isa = XCBuildConfiguration;
			baseConfigurationReference = 0B181049F4CA5D7250889A64 /* Pods-TheOneRepMax-iOSUITests.release.xcconfig */;
			buildSettings = {
				INFOPLIST_FILE = "TheOneRepMax-iOSUITests/Info.plist";
				IPHONEOS_DEPLOYMENT_TARGET = 9.0;
				LD_RUNPATH_SEARCH_PATHS = "$(inherited) @executable_path/Frameworks @loader_path/Frameworks";
				PRODUCT_BUNDLE_IDENTIFIER = "com.jwitapps.TheOneRepMax-iOSUITests";
				PRODUCT_NAME = "$(TARGET_NAME)";
				SDKROOT = iphoneos;
				TEST_TARGET_NAME = "TheOneRepMax-iOS";
				USES_XCTRUNNER = YES;
				VALIDATE_PRODUCT = YES;
			};
			name = Release;
		};
		8BD9E4F51D66B1D200FF5726 /* TestFlight */ = {
			isa = XCBuildConfiguration;
			buildSettings = {
				ALWAYS_SEARCH_USER_PATHS = NO;
				CLANG_CXX_LANGUAGE_STANDARD = "gnu++0x";
				CLANG_CXX_LIBRARY = "libc++";
				CLANG_ENABLE_MODULES = YES;
				CLANG_ENABLE_OBJC_ARC = YES;
				CLANG_WARN_BOOL_CONVERSION = YES;
				CLANG_WARN_CONSTANT_CONVERSION = YES;
				CLANG_WARN_DIRECT_OBJC_ISA_USAGE = YES_ERROR;
				CLANG_WARN_EMPTY_BODY = YES;
				CLANG_WARN_ENUM_CONVERSION = YES;
				CLANG_WARN_INT_CONVERSION = YES;
				CLANG_WARN_OBJC_ROOT_CLASS = YES_ERROR;
				CLANG_WARN_UNREACHABLE_CODE = YES;
				CLANG_WARN__DUPLICATE_METHOD_MATCH = YES;
				CODE_SIGN_IDENTITY = "Developer ID Application";
				COPY_PHASE_STRIP = NO;
				DEBUG_INFORMATION_FORMAT = dwarf;
				ENABLE_STRICT_OBJC_MSGSEND = YES;
				ENABLE_TESTABILITY = YES;
				GCC_C_LANGUAGE_STANDARD = gnu99;
				GCC_DYNAMIC_NO_PIC = NO;
				GCC_NO_COMMON_BLOCKS = YES;
				GCC_OPTIMIZATION_LEVEL = 0;
				GCC_PREPROCESSOR_DEFINITIONS = "$(inherited)";
				GCC_SYMBOLS_PRIVATE_EXTERN = NO;
				GCC_WARN_64_TO_32_BIT_CONVERSION = YES;
				GCC_WARN_ABOUT_RETURN_TYPE = YES_ERROR;
				GCC_WARN_UNDECLARED_SELECTOR = YES;
				GCC_WARN_UNINITIALIZED_AUTOS = YES_AGGRESSIVE;
				GCC_WARN_UNUSED_FUNCTION = YES;
				GCC_WARN_UNUSED_VARIABLE = YES;
				MACOSX_DEPLOYMENT_TARGET = 10.10;
				MTL_ENABLE_DEBUG_INFO = YES;
				ONLY_ACTIVE_ARCH = YES;
				SDKROOT = macosx;
				SUPPORTED_PLATFORMS = "macosx iphoneos iphonesimulator";
				SWIFT_OPTIMIZATION_LEVEL = "-Onone";
				VALID_ARCHS = "i386 x86_64 armv7s armv7 arm64";
			};
			name = TestFlight;
		};
		8BD9E4F61D66B1D200FF5726 /* TestFlight */ = {
			isa = XCBuildConfiguration;
			baseConfigurationReference = F1BF8E42029CD3DAF71E2DE4 /* Pods-TheOneRepMax-iOS.testflight.xcconfig */;
			buildSettings = {
				ASSETCATALOG_COMPILER_APPICON_NAME = AppIcon;
				ASSETCATALOG_COMPILER_LAUNCHIMAGE_NAME = LaunchImage;
				CLANG_ENABLE_MODULES = YES;
				CODE_SIGN_IDENTITY = "iPhone Developer";
				"CODE_SIGN_IDENTITY[sdk=iphoneos*]" = "iPhone Developer";
				DEFINES_MODULE = YES;
				ENABLE_BITCODE = YES;
				FRAMEWORK_SEARCH_PATHS = (
					"$(inherited)",
					"$(PROJECT_DIR)/Carthage/Build/iOS",
					"$(PROJECT_DIR)",
					"$(PROJECT_DIR)/TheOneRepMax-iOS",
					"$(PROJECT_DIR)/Firebase/AdMob",
					"$(PROJECT_DIR)/Firebase/Analytics",
					"$(PROJECT_DIR)/Firebase/AppIndexing",
					"$(PROJECT_DIR)/Firebase/Auth",
					"$(PROJECT_DIR)/Firebase/Crash",
					"$(PROJECT_DIR)/Firebase/Database",
					"$(PROJECT_DIR)/Firebase/DynamicLinks",
					"$(PROJECT_DIR)/Firebase/Invites",
					"$(PROJECT_DIR)/Firebase/Messaging",
					"$(PROJECT_DIR)/Firebase/RemoteConfig",
					"$(PROJECT_DIR)/Firebase/Storage",
					"$(PROJECT_DIR)/Firebase",
				);
				GCC_PREPROCESSOR_DEFINITIONS = (
					"$(inherited)",
					"TESTFLIGHT=1",
				);
				GOOGLE_SERVICES_FILE = "GoogleService-Info-Staging";
				INFOPLIST_FILE = "TheOneRepMax-iOS/Info.plist";
				IPHONEOS_DEPLOYMENT_TARGET = 9.0;
				LD_RUNPATH_SEARCH_PATHS = "$(inherited) @executable_path/Frameworks";
				ONLY_ACTIVE_ARCH = YES;
				OTHER_LDFLAGS = "$(inherited)";
				PRODUCT_BUNDLE_IDENTIFIER = com.jwitapps.ORM;
				PRODUCT_NAME = "$(TARGET_NAME)";
				PROVISIONING_PROFILE = "";
				SDKROOT = iphoneos;
				SUPPORTED_PLATFORMS = "iphonesimulator iphoneos";
				SWIFT_OBJC_BRIDGING_HEADER = "TheOneRepMax-iOS/TheOneRepMax-iOS-Bridging-Header.h";
				SWIFT_OPTIMIZATION_LEVEL = "-Onone";
				TARGETED_DEVICE_FAMILY = "1,2";
				VALID_ARCHS = "arm64 armv7s armv7";
			};
			name = TestFlight;
		};
		8BD9E4F71D66B1D200FF5726 /* TestFlight */ = {
			isa = XCBuildConfiguration;
			baseConfigurationReference = A54390EEB4306DED6FC4DFC5 /* Pods-TheOneRepMax-iOSTests.testflight.xcconfig */;
			buildSettings = {
				BUNDLE_LOADER = "$(TEST_HOST)";
				INFOPLIST_FILE = "TheOneRepMax-iOSTests/Info.plist";
				IPHONEOS_DEPLOYMENT_TARGET = 9.0;
				LD_RUNPATH_SEARCH_PATHS = "$(inherited) @executable_path/Frameworks @loader_path/Frameworks";
				PRODUCT_BUNDLE_IDENTIFIER = "com.jwitapps.TheOneRepMax-iOSTests";
				PRODUCT_NAME = "$(TARGET_NAME)";
				SDKROOT = iphoneos;
				TEST_HOST = "$(BUILT_PRODUCTS_DIR)/TheOneRepMax-iOS.app/TheOneRepMax-iOS";
			};
			name = TestFlight;
		};
		8BD9E4F81D66B1D200FF5726 /* TestFlight */ = {
			isa = XCBuildConfiguration;
			baseConfigurationReference = 9839BBD89F8A1A2937A7B1CA /* Pods-TheOneRepMax-iOSUITests.testflight.xcconfig */;
			buildSettings = {
				INFOPLIST_FILE = "TheOneRepMax-iOSUITests/Info.plist";
				IPHONEOS_DEPLOYMENT_TARGET = 9.0;
				LD_RUNPATH_SEARCH_PATHS = "$(inherited) @executable_path/Frameworks @loader_path/Frameworks";
				PRODUCT_BUNDLE_IDENTIFIER = "com.jwitapps.TheOneRepMax-iOSUITests";
				PRODUCT_NAME = "$(TARGET_NAME)";
				SDKROOT = iphoneos;
				TEST_TARGET_NAME = "TheOneRepMax-iOS";
				USES_XCTRUNNER = YES;
			};
			name = TestFlight;
		};
		8BF343741B27FA08007CBF44 /* Debug */ = {
			isa = XCBuildConfiguration;
			buildSettings = {
				ALWAYS_SEARCH_USER_PATHS = NO;
				CLANG_CXX_LANGUAGE_STANDARD = "gnu++0x";
				CLANG_CXX_LIBRARY = "libc++";
				CLANG_ENABLE_MODULES = YES;
				CLANG_ENABLE_OBJC_ARC = YES;
				CLANG_WARN_BOOL_CONVERSION = YES;
				CLANG_WARN_CONSTANT_CONVERSION = YES;
				CLANG_WARN_DIRECT_OBJC_ISA_USAGE = YES_ERROR;
				CLANG_WARN_EMPTY_BODY = YES;
				CLANG_WARN_ENUM_CONVERSION = YES;
				CLANG_WARN_INT_CONVERSION = YES;
				CLANG_WARN_OBJC_ROOT_CLASS = YES_ERROR;
				CLANG_WARN_UNREACHABLE_CODE = YES;
				CLANG_WARN__DUPLICATE_METHOD_MATCH = YES;
				CODE_SIGN_IDENTITY = "Developer ID Application";
				COPY_PHASE_STRIP = NO;
				DEBUG_INFORMATION_FORMAT = dwarf;
				ENABLE_STRICT_OBJC_MSGSEND = YES;
				ENABLE_TESTABILITY = YES;
				GCC_C_LANGUAGE_STANDARD = gnu99;
				GCC_DYNAMIC_NO_PIC = NO;
				GCC_NO_COMMON_BLOCKS = YES;
				GCC_OPTIMIZATION_LEVEL = 0;
				GCC_PREPROCESSOR_DEFINITIONS = (
					"DEBUG=1",
					"$(inherited)",
				);
				GCC_SYMBOLS_PRIVATE_EXTERN = NO;
				GCC_WARN_64_TO_32_BIT_CONVERSION = YES;
				GCC_WARN_ABOUT_RETURN_TYPE = YES_ERROR;
				GCC_WARN_UNDECLARED_SELECTOR = YES;
				GCC_WARN_UNINITIALIZED_AUTOS = YES_AGGRESSIVE;
				GCC_WARN_UNUSED_FUNCTION = YES;
				GCC_WARN_UNUSED_VARIABLE = YES;
				MACOSX_DEPLOYMENT_TARGET = 10.10;
				MTL_ENABLE_DEBUG_INFO = YES;
				ONLY_ACTIVE_ARCH = YES;
				SDKROOT = macosx;
				SUPPORTED_PLATFORMS = "macosx iphoneos iphonesimulator";
				SWIFT_OPTIMIZATION_LEVEL = "-Onone";
				VALID_ARCHS = "i386 x86_64 armv7s armv7 arm64";
			};
			name = Debug;
		};
		8BF343751B27FA08007CBF44 /* Release */ = {
			isa = XCBuildConfiguration;
			buildSettings = {
				ALWAYS_SEARCH_USER_PATHS = NO;
				CLANG_CXX_LANGUAGE_STANDARD = "gnu++0x";
				CLANG_CXX_LIBRARY = "libc++";
				CLANG_ENABLE_MODULES = YES;
				CLANG_ENABLE_OBJC_ARC = YES;
				CLANG_WARN_BOOL_CONVERSION = YES;
				CLANG_WARN_CONSTANT_CONVERSION = YES;
				CLANG_WARN_DIRECT_OBJC_ISA_USAGE = YES_ERROR;
				CLANG_WARN_EMPTY_BODY = YES;
				CLANG_WARN_ENUM_CONVERSION = YES;
				CLANG_WARN_INT_CONVERSION = YES;
				CLANG_WARN_OBJC_ROOT_CLASS = YES_ERROR;
				CLANG_WARN_UNREACHABLE_CODE = YES;
				CLANG_WARN__DUPLICATE_METHOD_MATCH = YES;
				CODE_SIGN_IDENTITY = "Developer ID Application";
				COPY_PHASE_STRIP = NO;
				DEBUG_INFORMATION_FORMAT = "dwarf-with-dsym";
				ENABLE_NS_ASSERTIONS = NO;
				ENABLE_STRICT_OBJC_MSGSEND = YES;
				GCC_C_LANGUAGE_STANDARD = gnu99;
				GCC_NO_COMMON_BLOCKS = YES;
				GCC_WARN_64_TO_32_BIT_CONVERSION = YES;
				GCC_WARN_ABOUT_RETURN_TYPE = YES_ERROR;
				GCC_WARN_UNDECLARED_SELECTOR = YES;
				GCC_WARN_UNINITIALIZED_AUTOS = YES_AGGRESSIVE;
				GCC_WARN_UNUSED_FUNCTION = YES;
				GCC_WARN_UNUSED_VARIABLE = YES;
				MACOSX_DEPLOYMENT_TARGET = 10.10;
				MTL_ENABLE_DEBUG_INFO = NO;
				SDKROOT = macosx;
				SUPPORTED_PLATFORMS = "macosx iphoneos iphonesimulator";
				VALID_ARCHS = "i386 x86_64 armv7s armv7 arm64";
			};
			name = Release;
		};
/* End XCBuildConfiguration section */

/* Begin XCConfigurationList section */
		8B7123FE1BA764DE0083980E /* Build configuration list for PBXNativeTarget "TheOneRepMax-iOS" */ = {
			isa = XCConfigurationList;
			buildConfigurations = (
				8B7123F81BA764DE0083980E /* Debug */,
				8BD9E4F61D66B1D200FF5726 /* TestFlight */,
				8B7123F91BA764DE0083980E /* Release */,
			);
			defaultConfigurationIsVisible = 0;
			defaultConfigurationName = Release;
		};
		8B7123FF1BA764DE0083980E /* Build configuration list for PBXNativeTarget "TheOneRepMax-iOSTests" */ = {
			isa = XCConfigurationList;
			buildConfigurations = (
				8B7123FA1BA764DE0083980E /* Debug */,
				8BD9E4F71D66B1D200FF5726 /* TestFlight */,
				8B7123FB1BA764DE0083980E /* Release */,
			);
			defaultConfigurationIsVisible = 0;
			defaultConfigurationName = Release;
		};
		8B7124001BA764DE0083980E /* Build configuration list for PBXNativeTarget "TheOneRepMax-iOSUITests" */ = {
			isa = XCConfigurationList;
			buildConfigurations = (
				8B7123FC1BA764DE0083980E /* Debug */,
				8BD9E4F81D66B1D200FF5726 /* TestFlight */,
				8B7123FD1BA764DE0083980E /* Release */,
			);
			defaultConfigurationIsVisible = 0;
			defaultConfigurationName = Release;
		};
		8BF343521B27FA08007CBF44 /* Build configuration list for PBXProject "TheOneRepMax" */ = {
			isa = XCConfigurationList;
			buildConfigurations = (
				8BF343741B27FA08007CBF44 /* Debug */,
				8BD9E4F51D66B1D200FF5726 /* TestFlight */,
				8BF343751B27FA08007CBF44 /* Release */,
			);
			defaultConfigurationIsVisible = 0;
			defaultConfigurationName = Release;
		};
/* End XCConfigurationList section */

/* Begin XCVersionGroup section */
		8B1B12EC1CE179BE00CDBE22 /* TheOneRepMax.xcdatamodeld */ = {
			isa = XCVersionGroup;
			children = (
				8B836BCB1CE2C47900A06DFE /* TheOneRepMax_v1.2.xcdatamodel */,
				8B1B12FD1CE179DE00CDBE22 /* TheOneRepMax_v11.xcdatamodel */,
				8B1B12ED1CE179BE00CDBE22 /* TheOneRepMax.xcdatamodel */,
				8B1B12EE1CE179BE00CDBE22 /* TheOneRepMax_v10.xcdatamodel */,
				8B1B12EF1CE179BE00CDBE22 /* TheOneRepMax_v3.xcdatamodel */,
				8B1B12F01CE179BE00CDBE22 /* TheOneRepMax_v38.xcdatamodel */,
				8B1B12F11CE179BE00CDBE22 /* TheOneRepMax_v39.xcdatamodel */,
				8B1B12F21CE179BE00CDBE22 /* TheOneRepMax_v4.xcdatamodel */,
				8B1B12F31CE179BE00CDBE22 /* TheOneRepMax_v40.xcdatamodel */,
				8B1B12F41CE179BE00CDBE22 /* TheOneRepMax_v41.xcdatamodel */,
				8B1B12F51CE179BE00CDBE22 /* TheOneRepMax_v42.xcdatamodel */,
				8B1B12F61CE179BE00CDBE22 /* TheOneRepMax_v5.xcdatamodel */,
				8B1B12F71CE179BE00CDBE22 /* TheOneRepMax_v6.xcdatamodel */,
				8B1B12F81CE179BE00CDBE22 /* TheOneRepMax_v7.xcdatamodel */,
				8B1B12F91CE179BE00CDBE22 /* TheOneRepMax_v8.xcdatamodel */,
				8B1B12FA1CE179BE00CDBE22 /* TheOneRepMax_v9.xcdatamodel */,
			);
			currentVersion = 8B836BCB1CE2C47900A06DFE /* TheOneRepMax_v1.2.xcdatamodel */;
			path = TheOneRepMax.xcdatamodeld;
			sourceTree = "<group>";
			versionGroupType = wrapper.xcdatamodel;
		};
/* End XCVersionGroup section */
	};
	rootObject = 8BF3434F1B27FA08007CBF44 /* Project object */;
}
